# platform: osx-64
# env_hash: c1cde631729607ef10cc0fec76cb5b75e28e711d2ae19aa4c4d3783b4b5622fa
@EXPLICIT
https://conda.anaconda.org/conda-forge/osx-64/texlab-2.2.0-he32d670_0.tar.bz2#7f2932542975c6a6f1bf31171317b08d
https://conda.anaconda.org/conda-forge/noarch/_r-mutex-1.0.1-anacondar_1.tar.bz2#19f9db5f4f1b7f5ef5f6d67207f25f38
https://conda.anaconda.org/conda-forge/osx-64/bzip2-1.0.8-haf1e3a3_3.tar.bz2#caf888e9502062a4d17e811871b44637
https://conda.anaconda.org/conda-forge/osx-64/c-ares-1.16.1-haf1e3a3_3.tar.bz2#3877b8f8cff6264b09904a8b470aed9c
https://conda.anaconda.org/conda-forge/osx-64/ca-certificates-2020.6.20-hecda079_0.tar.bz2#7933a42d363f3e88f239384ff68252db
https://conda.anaconda.org/conda-forge/osx-64/fribidi-1.0.10-h0b31af3_0.tar.bz2#2871f2a2d0a4e085992a3ad25ec2bdc3
https://conda.anaconda.org/conda-forge/osx-64/jpeg-9d-h0b31af3_0.tar.bz2#0b52142a252948fc97483547a288e1d8
https://conda.anaconda.org/conda-forge/osx-64/libcxx-10.0.1-h5f48129_0.tar.bz2#abc0f77f31d9e69bdcf2c550058da337
https://conda.anaconda.org/conda-forge/osx-64/libev-4.33-haf1e3a3_1.tar.bz2#79dc2be110b2a3d1e97ec21f691c50ad
https://conda.anaconda.org/conda-forge/osx-64/libiconv-1.16-haf1e3a3_0.tar.bz2#c5fab167412a52e491c8e11453ae016f
https://conda.anaconda.org/conda-forge/osx-64/libsodium-1.0.18-h01d97ff_0.tar.bz2#c803458de4a43aa8635b3acd1e8d1afe
https://conda.anaconda.org/conda-forge/osx-64/libuv-1.39.0-haf1e3a3_0.tar.bz2#b0832dda7ff39efad26940139d130ff9
https://conda.anaconda.org/conda-forge/osx-64/libwebp-base-1.1.0-h0b31af3_3.tar.bz2#1ebb8a84b32629ae159fe2af2e3011ea
https://conda.anaconda.org/conda-forge/osx-64/llvm-openmp-10.0.1-h28b9765_0.tar.bz2#c75ab018203fefa1a87b17ef5d182ca4
https://conda.anaconda.org/conda-forge/osx-64/make-4.3-h0b31af3_0.tar.bz2#ef7dd0b0b8ec20abf40e491ac0b6ceec
https://conda.anaconda.org/conda-forge/osx-64/pandoc-2.10.1-haf1e3a3_0.tar.bz2#d46f0dfaeda21e2dbe01149a501f56f1
https://conda.anaconda.org/conda-forge/osx-64/pixman-0.38.0-h01d97ff_1003.tar.bz2#db285954d969a73e3adc622d0db30605
https://conda.anaconda.org/conda-forge/osx-64/xz-5.2.5-haf1e3a3_1.tar.bz2#41116deb499e9bc58048c297d6403ce6
https://conda.anaconda.org/conda-forge/osx-64/yaml-0.2.5-haf1e3a3_0.tar.bz2#84c2fc186995c25a43e86ed708065572
https://conda.anaconda.org/conda-forge/osx-64/zlib-1.2.11-h7795811_1009.tar.bz2#958b4b681fcae3094383cf69c26e8936
https://conda.anaconda.org/conda-forge/osx-64/firefox-80.0-hb1e8313_0.tar.bz2#d0d7f0bf6709efc57c6d15786a451f40
https://conda.anaconda.org/conda-forge/osx-64/geckodriver-0.27.0-hb1e8313_0.tar.bz2#640405fe78647b85928a0f792f5badf7
https://conda.anaconda.org/conda-forge/osx-64/gmp-6.2.0-hb1e8313_2.tar.bz2#4d65e82109a4b798b5867e2d8427198a
https://conda.anaconda.org/conda-forge/osx-64/graphite2-1.3.13-h12caacf_1001.tar.bz2#e5b2811c2c5791073a97f899ce1fc698
https://conda.anaconda.org/conda-forge/osx-64/icu-67.1-hb1e8313_0.tar.bz2#7ee9c0ceb94bf007b86e1564626e1ca0
https://conda.anaconda.org/conda-forge/osx-64/libffi-3.2.1-hb1e8313_1007.tar.bz2#be8b6ba3b6710a89ab891bbed151659c
https://conda.anaconda.org/conda-forge/osx-64/libgfortran4-7.5.0-h1565451_3.tar.bz2#2cf086922ee2e7e4025c42e0414c8111
https://conda.anaconda.org/conda-forge/osx-64/libllvm10-10.0.1-h009f743_3.tar.bz2#cc65eb0b26253d2789320bfd661852f9
https://conda.anaconda.org/conda-forge/osx-64/libpng-1.6.37-hb0a8c7a_2.tar.bz2#152469e831f8558f76c63e841b934f87
https://conda.anaconda.org/conda-forge/osx-64/lz4-c-1.9.2-hb1e8313_3.tar.bz2#7737f6db9eb5e572d22b88b667d1f3f9
https://conda.anaconda.org/conda-forge/osx-64/ncurses-6.2-hb1e8313_1.tar.bz2#711f66ee1fd8585c28a47910ddbeaa4a
https://conda.anaconda.org/conda-forge/osx-64/openssl-1.1.1g-haf1e3a3_1.tar.bz2#31736d93dc6075a776645e5f5346fb9f
https://conda.anaconda.org/conda-forge/osx-64/pcre-8.44-h4a8c4bd_0.tar.bz2#28b0557e6ef0eb62f3162ddf678ea493
https://conda.anaconda.org/conda-forge/osx-64/tapi-1000.10.8-ha1b3eb9_4.tar.bz2#10d7e652760c9f732c3f3663e76abe98
https://conda.anaconda.org/conda-forge/osx-64/tk-8.6.10-hbbe82c9_0.tar.bz2#8e94f0c9d24201d33a7fb6868d821a1b
https://conda.anaconda.org/conda-forge/osx-64/zeromq-4.3.2-h4a8c4bd_3.tar.bz2#4524f64e9fb5f0325b1cb8f4441e155f
https://conda.anaconda.org/conda-forge/osx-64/bwidget-1.9.14-0.tar.bz2#72c19faae67578a04383b7dcd7449b96
https://conda.anaconda.org/conda-forge/osx-64/chktex-1.7.6-h0678c8f_0.tar.bz2#a95bb7df9bbc315de4abdb18e9b01da4
https://conda.anaconda.org/conda-forge/osx-64/freetype-2.10.2-h8da9a1a_0.tar.bz2#17f160c42d580a14d96e9676f94b0c15
https://conda.anaconda.org/conda-forge/osx-64/gettext-0.19.8.1-h46ab8bc_1002.tar.bz2#c7517739152f7ba685351817f6ed9da8
https://conda.anaconda.org/conda-forge/osx-64/isl-0.22.1-h65ac59c_1.tar.bz2#b538832281709fc63f43c3aa80be82ad
https://conda.anaconda.org/conda-forge/osx-64/ld64_osx-64-530-h3c32e8a_7.tar.bz2#04e45cea59779ff05390c30d5a66c8b6
https://conda.anaconda.org/conda-forge/osx-64/libclang-cpp10-10.0.1-default_hf57f61e_1.tar.bz2#ede2ddbae3f75c4e30b0abc04b39b40c
https://conda.anaconda.org/conda-forge/osx-64/libedit-3.1.20191231-hed1e85f_2.tar.bz2#779da5393199c3af97bd8f12c804b749
https://conda.anaconda.org/conda-forge/osx-64/libgfortran-4.0.0-3.tar.bz2#0f1f7b92304f0b9de10fba6f40bc3a51
https://conda.anaconda.org/conda-forge/osx-64/libnghttp2-1.41.0-h7580e61_2.tar.bz2#1731a2e73e2d68d455a1b8b8de0265dc
https://conda.anaconda.org/conda-forge/osx-64/libssh2-1.9.0-h39bdce6_5.tar.bz2#476b4daa896469326286db3a37e23190
https://conda.anaconda.org/conda-forge/osx-64/libxml2-2.9.10-h7fdee97_2.tar.bz2#0e85f302f80f137d2a9783a0e6f9a154
https://conda.anaconda.org/conda-forge/osx-64/llvm-tools-10.0.1-h1341992_3.tar.bz2#470372226c02c17774138996cc42a583
https://conda.anaconda.org/conda-forge/osx-64/mpfr-4.0.2-h72d8aaf_1.tar.bz2#a7b9a26985eadd6675077490a015e61e
https://conda.anaconda.org/conda-forge/osx-64/nodejs-14.10.0-hdde0ff8_0.tar.bz2#96de06ec3188ac249eff01d8cf4722c1
https://conda.anaconda.org/conda-forge/osx-64/readline-8.0-h0678c8f_2.tar.bz2#8f69d684fce8e73328995d7efb77816a
https://conda.anaconda.org/conda-forge/osx-64/tktable-2.10-h008db23_3.tar.bz2#23c628279724698c8eb2d1e60a383c80
https://conda.anaconda.org/conda-forge/osx-64/zstd-1.4.5-h0384e3a_2.tar.bz2#9fc03147df58a6ecd6f4013d85357283
https://conda.anaconda.org/conda-forge/osx-64/cctools_osx-64-949.0.1-h5ba7a2e_7.tar.bz2#20f3ba340d7072935f11159ebcb35d0a
https://conda.anaconda.org/conda-forge/osx-64/clang-10.0.1-default_hf57f61e_1.tar.bz2#08f1b2eb1ad694a42e04c801ec3f9388
https://conda.anaconda.org/conda-forge/osx-64/fontconfig-2.13.1-h79c0d67_1002.tar.bz2#656ffec2510f5dd41b84493bbf527ce7
https://conda.anaconda.org/conda-forge/osx-64/krb5-1.17.1-h75d18d8_3.tar.bz2#a2e242f395cb1226eaf4cc8eaacf5526
https://conda.anaconda.org/conda-forge/osx-64/ld64-530-7.tar.bz2#64ae0831cca3e609e23e80dc1d50a5dc
https://conda.anaconda.org/conda-forge/osx-64/libopenblas-0.3.10-openmp_h63d9170_4.tar.bz2#b67fe39a155929f64e17296827c06041
https://conda.anaconda.org/conda-forge/osx-64/libtiff-4.1.0-h2ae36a8_6.tar.bz2#37552f9d87ae31dcf99a593684cf8cfb
https://conda.anaconda.org/conda-forge/osx-64/mpc-1.1.0-ha57cd0f_1009.tar.bz2#e97438cea7c25b9906edf9525f580674
https://conda.anaconda.org/conda-forge/osx-64/sqlite-3.33.0-h960bd1c_0.tar.bz2#2258e92373f9991a586fc416ae459f17
https://conda.anaconda.org/conda-forge/osx-64/cctools-949.0.1-h22b1bf0_7.tar.bz2#b4c99ba13a76c9fd3b5a048713c65f01
https://conda.anaconda.org/conda-forge/osx-64/clangxx-10.0.1-default_hf57f61e_1.tar.bz2#0facf4e241a27960a9e6d76aaf7741fe
https://conda.anaconda.org/conda-forge/osx-64/gfortran_impl_osx-64-7.5.0-hae4d780_5.tar.bz2#2c448418234a063705d9398b462b878f
https://conda.anaconda.org/conda-forge/osx-64/libblas-3.8.0-17_openblas.tar.bz2#ceac2df441f5c3acae4fb1cb02ea7fb2
https://conda.anaconda.org/conda-forge/osx-64/libcurl-7.71.1-h9bf37e3_5.tar.bz2#9ba8b61a0dd9d2ef20b0ef3d4e05a5fc
https://conda.anaconda.org/conda-forge/osx-64/python-3.8.5-hfc71d35_7_cpython.tar.bz2#07b37ccc230d68589de5d410a243e150
https://conda.anaconda.org/conda-forge/noarch/async_generator-1.10-py_0.tar.bz2#d56c596e61b1c4952acf0a9920856c12
https://conda.anaconda.org/conda-forge/noarch/attrs-20.2.0-pyh9f0ad1d_0.tar.bz2#72fe75fed07fe89d6ef02034bf1e94a5
https://conda.anaconda.org/conda-forge/noarch/backcall-0.2.0-pyh9f0ad1d_0.tar.bz2#6006a6d08a3fa99268a2681c7fb55213
https://conda.anaconda.org/conda-forge/noarch/backports-1.0-py_2.tar.bz2#0da16b293affa6ac31812376f8eb79dd
https://conda.anaconda.org/conda-forge/noarch/compiler-rt_osx-64-10.0.1-h033240e_0.tar.bz2#78624efc684ecd555de383c13f2e5ef0
https://conda.anaconda.org/conda-forge/osx-64/curl-7.71.1-hcb81553_5.tar.bz2#69fc878ff57fa0993a025740b253b81c
https://conda.anaconda.org/conda-forge/noarch/decorator-4.4.2-py_0.tar.bz2#d2eabb9cabd212e1ec6a9463bd846243
https://conda.anaconda.org/conda-forge/noarch/defusedxml-0.6.0-py_0.tar.bz2#37e1033daee0e2edaa5ff42584c52b21
https://conda.anaconda.org/conda-forge/osx-64/glib-2.65.0-h577aef8_0.tar.bz2#a1c10538d9a66ae232a23737e6272be6
https://conda.anaconda.org/conda-forge/noarch/idna-2.10-pyh9f0ad1d_0.tar.bz2#f95a12b4f435aae6680fe55ae2eb1b06
https://conda.anaconda.org/conda-forge/noarch/iniconfig-1.0.1-pyh9f0ad1d_0.tar.bz2#b24cafcf37a962a001a237a6299f580d
https://conda.anaconda.org/conda-forge/noarch/ipython_genutils-0.2.0-py_1.tar.bz2#5071c982548b3a20caf70462f04f5287
https://conda.anaconda.org/conda-forge/noarch/json5-0.9.4-pyh9f0ad1d_0.tar.bz2#075494d3f4e4466f8dba14d68e100bef
https://conda.anaconda.org/conda-forge/osx-64/libcblas-3.8.0-17_openblas.tar.bz2#f5e84f9f770d0e1659fb7d90cd3cb539
https://conda.anaconda.org/conda-forge/osx-64/liblapack-3.8.0-17_openblas.tar.bz2#d37ad4c540d99ba3d09674994b774a16
https://conda.anaconda.org/conda-forge/noarch/mccabe-0.6.1-py_1.tar.bz2#a326cb400c1ccd91789f3e7d02124d61
https://conda.anaconda.org/conda-forge/noarch/more-itertools-8.5.0-py_0.tar.bz2#3a2fa1ebe4306ae3190b1ed69a55b3fd
https://conda.anaconda.org/conda-forge/noarch/nest-asyncio-1.4.0-py_0.tar.bz2#3203f15095157b7e1238db3cf77799e5
https://conda.anaconda.org/conda-forge/noarch/pandocfilters-1.4.2-py_1.tar.bz2#ba6f4a308f1ea22abe1d72e72544af76
https://conda.anaconda.org/conda-forge/noarch/parso-0.7.1-pyh9f0ad1d_0.tar.bz2#f66647d1ec805566d72ac26f62b19c01
https://conda.anaconda.org/conda-forge/noarch/prometheus_client-0.8.0-pyh9f0ad1d_0.tar.bz2#0409863e03d2abb75d9b91b903697ed0
https://conda.anaconda.org/conda-forge/noarch/ptyprocess-0.6.0-py_1001.tar.bz2#0c3a56f1ab48cfb002c69b48f9e1ddc6
https://conda.anaconda.org/conda-forge/noarch/py-1.9.0-pyh9f0ad1d_0.tar.bz2#82beb69c4e05d65702bbde3c63d6ef58
https://conda.anaconda.org/conda-forge/noarch/pycodestyle-2.6.0-pyh9f0ad1d_0.tar.bz2#a08d6f5a610c7194da158add79f2b018
https://conda.anaconda.org/conda-forge/noarch/pycparser-2.20-pyh9f0ad1d_2.tar.bz2#aa798d50ffd182a0f6f31478c7f434f6
https://conda.anaconda.org/conda-forge/noarch/pyflakes-2.2.0-pyh9f0ad1d_0.tar.bz2#b13f3395d2eb4a2705629127a8a8cfaa
https://conda.anaconda.org/conda-forge/noarch/pyparsing-2.4.7-pyh9f0ad1d_0.tar.bz2#626c4f20d5bf06dcec9cf2eaa31725c7
https://conda.anaconda.org/conda-forge/osx-64/python_abi-3.8-1_cp38.tar.bz2#5fe7757fd743e1c2d14d6170d4f53365
https://conda.anaconda.org/conda-forge/noarch/pytz-2020.1-pyh9f0ad1d_0.tar.bz2#e52abc1f0fd70e05001c1ceb2696f625
https://conda.anaconda.org/conda-forge/noarch/robotframework-3.2.2-pyh9f0ad1d_0.tar.bz2#1faf44d9a76019b0a3da4d02dead93ec
https://conda.anaconda.org/conda-forge/noarch/rope-0.17.0-pyh9f0ad1d_0.tar.bz2#96eb29cd34fa9ade5d4b2610e46c6f0e
https://conda.anaconda.org/conda-forge/noarch/send2trash-1.5.0-py_0.tar.bz2#c3779037a635e1150f1c53c28b875949
https://conda.anaconda.org/conda-forge/noarch/simplegeneric-0.8.1-py_1.tar.bz2#a561caf8601e8d85547c77a54ee99333
https://conda.anaconda.org/conda-forge/noarch/six-1.15.0-pyh9f0ad1d_0.tar.bz2#1eec421f0f1f39e579e44e4a5ce646a2
https://conda.anaconda.org/conda-forge/noarch/snowballstemmer-2.0.0-py_0.tar.bz2#fa34c3e7fb741022eb79169c354ca1ae
https://conda.anaconda.org/conda-forge/noarch/testpath-0.4.4-py_0.tar.bz2#3b98fff4d5342bebde2ecaa314f796f9
https://conda.anaconda.org/conda-forge/noarch/toml-0.10.1-pyh9f0ad1d_0.tar.bz2#ca47d0ef822fd23b7ec9771a36645e5e
https://conda.anaconda.org/conda-forge/noarch/webencodings-0.5.1-py_1.tar.bz2#3563be4c5611a44210d9ba0c16113136
https://conda.anaconda.org/conda-forge/noarch/wheel-0.35.1-pyh9f0ad1d_0.tar.bz2#126827869be32f21872a2b30ebe2b038
https://conda.anaconda.org/conda-forge/noarch/yapf-0.30.0-pyh9f0ad1d_0.tar.bz2#175a8ce5a94eaa57cb5a6560cac21713
https://conda.anaconda.org/conda-forge/noarch/zipp-3.1.0-py_0.tar.bz2#61948e426a3a3ec1fa7c90a44c2585d1
https://conda.anaconda.org/conda-forge/osx-64/appnope-0.1.0-py38h32f6830_1001.tar.bz2#d9ae796515b7113028f46f71496f73ea
https://conda.anaconda.org/conda-forge/noarch/autopep8-1.5.4-pyh9f0ad1d_0.tar.bz2#e5a007c7520d70e6d65840b563cee8df
https://conda.anaconda.org/conda-forge/osx-64/cairo-1.16.0-ha8983da_1005.tar.bz2#07f19f2a20124bf0a8e5d27df95bf6d4
https://conda.anaconda.org/conda-forge/osx-64/certifi-2020.6.20-py38h32f6830_0.tar.bz2#fab1139b40e8dd7fea9dbbb8dbe49f96
https://conda.anaconda.org/conda-forge/osx-64/cffi-1.14.1-py38hc4dd44e_0.tar.bz2#3c90ffbae207968013d952efc1f1639a
https://conda.anaconda.org/conda-forge/osx-64/chardet-3.0.4-py38h32f6830_1006.tar.bz2#dec39018b2742cd6b3bbe65e3febb87d
https://conda.anaconda.org/conda-forge/osx-64/compiler-rt-10.0.1-he6db49b_0.tar.bz2#09f41ca12558a661ca0d844d19cb5d58
https://conda.anaconda.org/conda-forge/osx-64/coverage-5.2.1-py38h4d0b108_0.tar.bz2#bf1898b7b6d1df645279c2c2731a4612
https://conda.anaconda.org/conda-forge/osx-64/entrypoints-0.3-py38h32f6830_1001.tar.bz2#bab2b1490aca62b1f9c618136579dbf9
https://conda.anaconda.org/conda-forge/osx-64/future-0.18.2-py38h32f6830_1.tar.bz2#7141946de7d0d01092788292203038ae
https://conda.anaconda.org/conda-forge/osx-64/gsl-2.6-ha2d443c_0.tar.bz2#366e55fd3a2bcd38d608fd91d04ce8ff
https://conda.anaconda.org/conda-forge/osx-64/importlib-metadata-1.7.0-py38h32f6830_0.tar.bz2#82be12342b016936d9c4901be24d9c0f
https://conda.anaconda.org/conda-forge/osx-64/jedi-0.17.2-py38h32f6830_0.tar.bz2#a04b1caa2879bd989f7f264984bba94c
https://conda.anaconda.org/conda-forge/osx-64/lazy-object-proxy-1.4.3-py38h64e0658_2.tar.bz2#a8957514ab39b46b13696b8262bcac34
https://conda.anaconda.org/conda-forge/osx-64/markupsafe-1.1.1-py38h64e0658_1.tar.bz2#e43c58547710c465a5b138bb7cf74495
https://conda.anaconda.org/conda-forge/osx-64/mistune-0.8.4-py38h64e0658_1001.tar.bz2#6105029273363e19e8394d2ed8d73d87
https://conda.anaconda.org/conda-forge/noarch/packaging-20.4-pyh9f0ad1d_0.tar.bz2#6d160f7346ac815500b5475d9a0f88a9
https://conda.anaconda.org/conda-forge/osx-64/pexpect-4.8.0-py38h32f6830_1.tar.bz2#07ca6ed2e07c8e8fae33a9d08ae245a4
https://conda.anaconda.org/conda-forge/osx-64/pickleshare-0.7.5-py38h32f6830_1001.tar.bz2#c6decc37371acd1641af1d54597ae48e
https://conda.anaconda.org/conda-forge/osx-64/pluggy-0.13.1-py38h32f6830_2.tar.bz2#302460727c9213901b15d772090353bf
https://conda.anaconda.org/conda-forge/noarch/pydocstyle-5.1.1-py_0.tar.bz2#b3e4ef3ad3544282d12cee708e956dcd
https://conda.anaconda.org/conda-forge/osx-64/pyrsistent-0.17.2-py38h4d0b108_0.tar.bz2#1fa41a19ad6d19a1fe4e638629843d10
https://conda.anaconda.org/conda-forge/osx-64/pysocks-1.7.1-py38h32f6830_1.tar.bz2#ff35ce1da678177b45ba3159dcdb6766
https://conda.anaconda.org/conda-forge/noarch/python-dateutil-2.8.1-py_0.tar.bz2#0d0150ed9c2d25817f5324108d3f7571
https://conda.anaconda.org/conda-forge/osx-64/pyzmq-19.0.2-py38h2c785a9_0.tar.bz2#ad94f23a55c082c3766372e68618f405
https://conda.anaconda.org/conda-forge/noarch/robotframework-pythonlibcore-2.1.0-py_0.tar.bz2#de381ef42de5c25524f5c43cd487a999
https://conda.anaconda.org/conda-forge/osx-64/ruamel_yaml-0.15.80-py38h4d0b108_1002.tar.bz2#0e2407e87c43797cdfc95df34df22b00
https://conda.anaconda.org/conda-forge/osx-64/soupsieve-2.0.1-py38h32f6830_0.tar.bz2#2803691d874e776f46cb8b1c79d76352
https://conda.anaconda.org/conda-forge/osx-64/tornado-6.0.4-py38h64e0658_1.tar.bz2#e962e1de5a285c9be6bf09bd2eff9023
https://conda.anaconda.org/conda-forge/noarch/traitlets-5.0.4-py_0.tar.bz2#c75376bed2140d3851e6081450513059
https://conda.anaconda.org/conda-forge/noarch/tzlocal-2.1-pyh9f0ad1d_0.tar.bz2#9d16668487f3fd44290d9fdbbd25b283
https://conda.anaconda.org/conda-forge/osx-64/ujson-1.35-py38hc84c608_1002.tar.bz2#f0c93b2e0700620ab1da7ff37b72eeed
https://conda.anaconda.org/conda-forge/osx-64/wrapt-1.11.2-py38h64e0658_0.tar.bz2#818b7c98d62ee7ecd9b8403a3b18d697
https://conda.anaconda.org/conda-forge/osx-64/argon2-cffi-20.1.0-py38h4d0b108_1.tar.bz2#67ac14d8fbb81e4e70e4fb5c73544d30
https://conda.anaconda.org/conda-forge/osx-64/beautifulsoup4-4.9.1-py38h32f6830_0.tar.bz2#4ccc1acfdc4b14143d004b5363fdac3a
https://conda.anaconda.org/conda-forge/osx-64/brotlipy-0.7.0-py38h64e0658_1000.tar.bz2#df72303cfd0f559309e3d4e5a45d0ec1
https://conda.anaconda.org/conda-forge/osx-64/clang_osx-64-10.0.1-h05bbb7f_9.tar.bz2#07ed70a349582ee92a53f3af7ff50d33
https://conda.anaconda.org/conda-forge/osx-64/cryptography-3.1-py38h52adbb4_0.tar.bz2#2c1142965a34fc5977d86f9c053da095
https://conda.anaconda.org/conda-forge/osx-64/harfbuzz-2.7.2-h8810732_0.tar.bz2#0120109a68f6f4d59ed7fde0484114c7
https://conda.anaconda.org/conda-forge/noarch/importlib_metadata-1.7.0-0.tar.bz2#3e6503b25200f60149cce699a47cf09e
https://conda.anaconda.org/conda-forge/osx-64/jupyter_core-4.6.3-py38h32f6830_1.tar.bz2#98b8f9ebcdac7a0a56c83f8012afdfde
https://conda.anaconda.org/conda-forge/osx-64/pytest-6.0.1-py38h32f6830_0.tar.bz2#d8c7358eda013810aae2c95612b5d6b6
https://conda.anaconda.org/conda-forge/noarch/python-jsonrpc-server-0.3.4-pyh9f0ad1d_1.tar.bz2#6ec9333b96b7b3fb33385ed01b96d894
https://conda.anaconda.org/conda-forge/osx-64/setuptools-49.6.0-py38h32f6830_0.tar.bz2#39091084ae29653935bf7db42f41eb84
https://conda.anaconda.org/conda-forge/osx-64/terminado-0.8.3-py38h32f6830_1.tar.bz2#cf909ebe6d2986e69b00008736fd6df0
https://conda.anaconda.org/conda-forge/osx-64/astroid-2.4.2-py38h32f6830_0.tar.bz2#01070f8332ee5f94123894b5dee3a148
https://conda.anaconda.org/conda-forge/noarch/backports.functools_lru_cache-1.6.1-py_0.tar.bz2#d36df15eaef96549ce6231e3088fba54
https://conda.anaconda.org/conda-forge/noarch/bleach-3.1.5-pyh9f0ad1d_0.tar.bz2#fdd3428764b35bd251798db254a9bdea
https://conda.anaconda.org/conda-forge/noarch/bs4-4.9.1-1.tar.bz2#137a388089701ca041c9cbef0311373b
https://conda.anaconda.org/conda-forge/osx-64/clangxx_osx-64-10.0.1-h05bbb7f_9.tar.bz2#b5d371ba7679cc3a3c0ba60b003d470f
https://conda.anaconda.org/conda-forge/noarch/flake8-3.8.3-py_1.tar.bz2#aa903667fece7fa824b0647b2db6929e
https://conda.anaconda.org/conda-forge/osx-64/gfortran_osx-64-7.5.0-h044cb63_7.tar.bz2#1763abf5cd8896a8d26f2e59f12d1f3c
https://conda.anaconda.org/conda-forge/osx-64/isort-5.5.2-py38h32f6830_0.tar.bz2#c6e13534ba4086c7359e490e48e9a6e8
https://conda.anaconda.org/conda-forge/noarch/jinja2-2.11.2-pyh9f0ad1d_0.tar.bz2#e8a5d614d1a27bdba00059ca062a0551
https://conda.anaconda.org/conda-forge/osx-64/jsonschema-3.2.0-py38h32f6830_1.tar.bz2#f9a8ce63603d7a7db2890f594da72694
https://conda.anaconda.org/conda-forge/noarch/jupyter_client-6.1.7-py_0.tar.bz2#bcaa486602c05413da0808b82898f60a
https://conda.anaconda.org/conda-forge/osx-64/pango-1.42.4-haa940fe_4.tar.bz2#b754212e2785ce47adbdbc5c9bd93ed5
https://conda.anaconda.org/conda-forge/noarch/pip-20.2.3-py_0.tar.bz2#2a473e697f17443a8647c3d7d22043d3
https://conda.anaconda.org/conda-forge/noarch/pygments-2.6.1-py_0.tar.bz2#37736a64e169c430eac98a46ddc1ac4a
https://conda.anaconda.org/conda-forge/osx-64/pyopenssl-19.1.0-py38_0.tar.bz2#c79f61a3d9e170d5690a2527b1b1eb67
https://conda.anaconda.org/conda-forge/osx-64/pytest-asyncio-0.12.0-py38h32f6830_1.tar.bz2#4c6cba1ee89e2a2cf0d5409c4c4c91e0
https://conda.anaconda.org/conda-forge/noarch/pytest-cov-2.10.1-pyh9f0ad1d_0.tar.bz2#0d83b4ea58595e9f685c51ba31f63116
https://conda.anaconda.org/conda-forge/noarch/pytest-runner-5.2-py_0.tar.bz2#6a51d7283dcc13101dbb060cddf54bfa
https://conda.anaconda.org/conda-forge/osx-64/tectonic-0.1.14-h093473c_0.tar.bz2#e26130cc6f93d922b67bdb58670fe4b0
https://conda.anaconda.org/conda-forge/noarch/jupyterlab_pygments-0.1.1-pyh9f0ad1d_0.tar.bz2#1dcc48a573e69b44f9065dbe665fc186
https://conda.anaconda.org/conda-forge/noarch/nbformat-5.0.7-py_0.tar.bz2#7f9984ee165126ac09d9eb678052783d
https://conda.anaconda.org/conda-forge/osx-64/pylint-2.6.0-py38h32f6830_0.tar.bz2#684bc2fbb666db26275d6f73fcc243ea
https://conda.anaconda.org/conda-forge/noarch/pytest-flake8-1.0.6-pyh9f0ad1d_0.tar.bz2#da773d09f20668c9f335d6364b031b2e
https://conda.anaconda.org/conda-forge/osx-64/r-base-3.6.3-hc30ca75_3.tar.bz2#c445a1f537b15bbd9989b0857111eba5
https://conda.anaconda.org/conda-forge/noarch/urllib3-1.25.10-py_0.tar.bz2#82cde2a532177697e42a090add881db8
https://conda.anaconda.org/conda-forge/noarch/wcwidth-0.2.5-pyh9f0ad1d_1.tar.bz2#ac581f74f00d4d9f5acec2449f310e70
https://conda.anaconda.org/conda-forge/noarch/nbclient-0.5.0-py_0.tar.bz2#1c95e6cf38f219566e281979a3a1bd27
https://conda.anaconda.org/conda-forge/noarch/prompt-toolkit-3.0.7-py_0.tar.bz2#32341741e1d778b2c54bb42191cf8571
https://conda.anaconda.org/conda-forge/osx-64/python-language-server-0.34.1-py38h32f6830_0.tar.bz2#1986a4541091ccc048deddada100a6ef
https://conda.anaconda.org/conda-forge/noarch/r-assertthat-0.2.1-r36h6115d3f_2.tar.bz2#89894bf1427eea74d7adb24bf93858dc
https://conda.anaconda.org/conda-forge/osx-64/r-backports-1.1.9-r36h800e0f2_0.tar.bz2#a406b81824a6b0793f32dde33176f12b
https://conda.anaconda.org/conda-forge/osx-64/r-base64enc-0.1_3-r36h17f1fa6_1004.tar.bz2#878533c8941a8f57ba5d7dc2ecd6ad24
https://conda.anaconda.org/conda-forge/noarch/r-boot-1.3_25-r36h6115d3f_1.tar.bz2#7f6a007e0f053e665f3320a506715325
https://conda.anaconda.org/conda-forge/noarch/r-clipr-0.7.0-r36h6115d3f_1.tar.bz2#ef77fbbae1e4dfc59a7afe85937edea3
https://conda.anaconda.org/conda-forge/osx-64/r-cluster-2.1.0-r36h384270c_3.tar.bz2#2107d9f025760f0294514bc480eb2a76
https://conda.anaconda.org/conda-forge/noarch/r-codetools-0.2_16-r36h6115d3f_1002.tar.bz2#7d1b897afcfddc122b214c425d394ddd
https://conda.anaconda.org/conda-forge/noarch/r-crayon-1.3.4-r36h6115d3f_1003.tar.bz2#f744faf7c73cc8abbe1b87a25a24878e
https://conda.anaconda.org/conda-forge/osx-64/r-curl-4.3-r36h17f1fa6_1.tar.bz2#1af32526d766ba771a79a2e02a246862
https://conda.anaconda.org/conda-forge/osx-64/r-digest-0.6.25-r36hc5da6b9_2.tar.bz2#d4c22676c4f03108ba28b28e7a2ad336
https://conda.anaconda.org/conda-forge/noarch/r-evaluate-0.14-r36h6115d3f_2.tar.bz2#de3bec436333836c3729452b91161d2b
https://conda.anaconda.org/conda-forge/osx-64/r-fansi-0.4.1-r36h17f1fa6_1.tar.bz2#28f7a1045b36196c0f1839709fe7cf57
https://conda.anaconda.org/conda-forge/osx-64/r-foreign-0.8_76-r36h17f1fa6_1.tar.bz2#aeb4b2b71fda921229eae1bf8706f2ab
https://conda.anaconda.org/conda-forge/osx-64/r-fs-1.5.0-r36h710217c_0.tar.bz2#8c7ffaaf938540231455517257b6588f
https://conda.anaconda.org/conda-forge/osx-64/r-glue-1.4.2-r36h800e0f2_0.tar.bz2#4afd88d085a706f053d36d59de8c085d
https://conda.anaconda.org/conda-forge/noarch/r-highr-0.8-r36h6115d3f_2.tar.bz2#63ab42c27617b72b4fe2acaff568818d
https://conda.anaconda.org/conda-forge/osx-64/r-jsonlite-1.7.1-r36h800e0f2_0.tar.bz2#8e0161052b8ba9035828b8d2488bc4e5
https://conda.anaconda.org/conda-forge/osx-64/r-kernsmooth-2.23_17-r36h3830744_1.tar.bz2#3bf4bcf147d8509a255b8de1cd0ac71a
https://conda.anaconda.org/conda-forge/osx-64/r-lattice-0.20_41-r36h17f1fa6_2.tar.bz2#e1ac54e4261e4b8515bd152152750665
https://conda.anaconda.org/conda-forge/osx-64/r-lazyeval-0.2.2-r36h17f1fa6_2.tar.bz2#5b52853cda94787f4771922a3380f3a3
https://conda.anaconda.org/conda-forge/noarch/r-magrittr-1.5-r36h6115d3f_1003.tar.bz2#89a866d76b41e98cd5bfe458007877e8
https://conda.anaconda.org/conda-forge/osx-64/r-mass-7.3_53-r36h800e0f2_0.tar.bz2#cbd0eff5a42774f12b213d41120b3b89
https://conda.anaconda.org/conda-forge/osx-64/r-mime-0.9-r36h17f1fa6_1.tar.bz2#e99ecc250e5b9c4697851c1f24d2235d
https://conda.anaconda.org/conda-forge/osx-64/r-pbdzmq-0.3_3-r36h95f32f2_1003.tar.bz2#5414aa146855fdd97b0f88406ff7b47e
https://conda.anaconda.org/conda-forge/noarch/r-pkgconfig-2.0.3-r36h6115d3f_1.tar.bz2#d8c0bd8e2b4de78157be2866e6cc320b
https://conda.anaconda.org/conda-forge/noarch/r-praise-1.0.0-r36h6115d3f_1004.tar.bz2#c1c81352a7102756ef1fa1838d25ad95
https://conda.anaconda.org/conda-forge/osx-64/r-ps-1.3.4-r36h800e0f2_0.tar.bz2#35d931f66b90ef79091ca0e5730c6983
https://conda.anaconda.org/conda-forge/noarch/r-r.methodss3-1.8.1-r36h6115d3f_0.tar.bz2#b237f478760ee81160e29b6b8f36f738
https://conda.anaconda.org/conda-forge/noarch/r-r6-2.4.1-r36h6115d3f_1.tar.bz2#ac6356d09a1861a52aea8c93eb513e9d
https://conda.anaconda.org/conda-forge/osx-64/r-rcpp-1.0.5-r36hc5da6b9_0.tar.bz2#d3009a3b62d834e7ee5da0375387ac45
https://conda.anaconda.org/conda-forge/noarch/r-remotes-2.2.0-r36h6115d3f_0.tar.bz2#70184934d0320afe26d579d7a8ccb700
https://conda.anaconda.org/conda-forge/osx-64/r-rlang-0.4.7-r36h17f1fa6_0.tar.bz2#fc79ef78ca30e10c12d8cfff3e34668b
https://conda.anaconda.org/conda-forge/osx-64/r-rpart-4.1_15-r36h17f1fa6_2.tar.bz2#9125c93698e09ebecb6b29de61deb832
https://conda.anaconda.org/conda-forge/noarch/r-rstudioapi-0.11-r36h6115d3f_1.tar.bz2#8ed5ad583302bed8cf4b1cfe8858ef48
https://conda.anaconda.org/conda-forge/osx-64/r-spatial-7.3_12-r36h17f1fa6_1.tar.bz2#2b5855b0ae9791c90c961bdd1a4c08a8
https://conda.anaconda.org/conda-forge/osx-64/r-stringdist-0.9.6-r36h800e0f2_0.tar.bz2#e2b382b78e1c341f71d4df1acb546b6b
https://conda.anaconda.org/conda-forge/osx-64/r-stringi-1.5.3-r36ha4098bd_0.tar.bz2#649c8d42431ede8f6acda04345f94857
https://conda.anaconda.org/conda-forge/osx-64/r-sys-3.4-r36h800e0f2_0.tar.bz2#39a1467dde8bce305602a07ce54f3417
https://conda.anaconda.org/conda-forge/osx-64/r-utf8-1.1.4-r36h17f1fa6_1003.tar.bz2#bbbc49e2ffbbef664b24df414fed9b0f
https://conda.anaconda.org/conda-forge/osx-64/r-uuid-0.1_4-r36h17f1fa6_1.tar.bz2#d004c95a83ec5ed5725e28e329c497da
https://conda.anaconda.org/conda-forge/noarch/r-withr-2.2.0-r36h6115d3f_1.tar.bz2#686395604b25ffc6c8807f0b99322db1
https://conda.anaconda.org/conda-forge/osx-64/r-xfun-0.17-r36h800e0f2_0.tar.bz2#8b229defdaf3895f169a1cfc2a2e89b6
https://conda.anaconda.org/conda-forge/noarch/r-xmlparsedata-1.0.4-r36h6115d3f_0.tar.bz2#9d5da66185dc9eb362c4d07ef5a92a02
https://conda.anaconda.org/conda-forge/osx-64/r-yaml-2.2.1-r36h17f1fa6_1.tar.bz2#4079e0e8827d2d3798a1255afb426c63
https://conda.anaconda.org/conda-forge/noarch/r-zeallot-0.1.0-r36h6115d3f_1002.tar.bz2#12fd0aa909c5641bf8ae36ab462a8ccc
https://conda.anaconda.org/conda-forge/noarch/requests-2.24.0-pyh9f0ad1d_0.tar.bz2#786ef230ca5cf2536e9dee910fdf4f9f
https://conda.anaconda.org/conda-forge/osx-64/rpy2-3.3.2-py38r36h65ad66c_0.tar.bz2#62feb0b43afa7f7ba4cf128464bfb80f
https://conda.anaconda.org/conda-forge/osx-64/selenium-3.141.0-py38h64e0658_1001.tar.bz2#155160e255dc13a153dfada014def133
https://conda.anaconda.org/conda-forge/osx-64/ipython-7.18.1-py38h1cdfbd6_0.tar.bz2#9b4fc2ae9182f958ae31d7dbdb016bf9
https://conda.anaconda.org/conda-forge/osx-64/nbconvert-6.0.0-py38h32f6830_0.tar.bz2#c505392d4563009976f707bd641684ea
https://conda.anaconda.org/conda-forge/osx-64/r-askpass-1.1-r36h17f1fa6_2.tar.bz2#a7dea75b400f8401d8ab412aac37e1c2
https://conda.anaconda.org/conda-forge/osx-64/r-class-7.3_17-r36h17f1fa6_1.tar.bz2#aa5c4926f68ae0cdf3edb909d2ea8391
https://conda.anaconda.org/conda-forge/noarch/r-cli-2.0.2-r36h6115d3f_1.tar.bz2#63826798f99705dfdddf7cb21ad443b4
https://conda.anaconda.org/conda-forge/osx-64/r-collections-0.3.5-r36h800e0f2_0.tar.bz2#cd1c4669691c69ebb1ebb2324b49711c
https://conda.anaconda.org/conda-forge/osx-64/r-ellipsis-0.3.1-r36h17f1fa6_0.tar.bz2#96bc99a0dae4db99e336c87ea1c5bb24
https://conda.anaconda.org/conda-forge/osx-64/r-htmltools-0.5.0-r36hc5da6b9_0.tar.bz2#c1c745cb4a9db9240aacb129eebe8cd6
https://conda.anaconda.org/conda-forge/noarch/r-lifecycle-0.2.0-r36h6115d3f_1.tar.bz2#ff33d80f55b80fda34f0f8980af58b7b
https://conda.anaconda.org/conda-forge/osx-64/r-markdown-1.1-r36h17f1fa6_1.tar.bz2#a59f6d0e575a9814e8d8df1588fa62cf
https://conda.anaconda.org/conda-forge/osx-64/r-matrix-1.2_18-r36h26f5615_3.tar.bz2#a80f7627de257fa2e86c93b6a6457e88
https://conda.anaconda.org/conda-forge/osx-64/r-nlme-3.1_149-r36hbce4cb8_0.tar.bz2#b8091af3a6bddd0e01ef708cd616fd79
https://conda.anaconda.org/conda-forge/osx-64/r-nnet-7.3_14-r36h17f1fa6_1.tar.bz2#4e126c0ce6fc167a8c0138378cd2ab22
https://conda.anaconda.org/conda-forge/noarch/r-prettyunits-1.1.1-r36h6115d3f_1.tar.bz2#c6ff88b560efa942ba8d0ae60b2727af
https://conda.anaconda.org/conda-forge/osx-64/r-processx-3.4.4-r36h800e0f2_0.tar.bz2#3a20544bb3baf803e0c775d44e7ebe43
https://conda.anaconda.org/conda-forge/osx-64/r-purrr-0.3.4-r36h17f1fa6_1.tar.bz2#0345ea39642f93c7833c0f146aa071fa
https://conda.anaconda.org/conda-forge/noarch/r-r.oo-1.24.0-r36h6115d3f_0.tar.bz2#2fd05ee63f568c1f60da961363a3417f
https://conda.anaconda.org/conda-forge/noarch/r-rex-1.2.0-r36h6115d3f_1.tar.bz2#99c7273f75cf1f0a01a72c602c283b36
https://conda.anaconda.org/conda-forge/noarch/r-rprojroot-1.3_2-r36h6115d3f_1003.tar.bz2#20938c6c697d99831822775109a94306
https://conda.anaconda.org/conda-forge/noarch/r-stringr-1.4.0-r36h6115d3f_2.tar.bz2#2e6d27855dd00e5478bc774f1c45078c
https://conda.anaconda.org/conda-forge/osx-64/r-xml2-1.3.2-r36hc5da6b9_1.tar.bz2#83cd362699122a4c79c004d7a531436c
https://conda.anaconda.org/conda-forge/noarch/robotframework-seleniumlibrary-4.5.0-pyh9f0ad1d_0.tar.bz2#032239f822b29aef45cc4579ae86d031
https://conda.anaconda.org/conda-forge/osx-64/ipykernel-5.3.4-py38h23f93f0_0.tar.bz2#d8fe8cbc3d73ffb9ba5309798cd414be
https://conda.anaconda.org/conda-forge/noarch/r-callr-3.4.4-r36h6115d3f_0.tar.bz2#4bf2918fcea01ee30c14b033931f8c87
https://conda.anaconda.org/conda-forge/noarch/r-desc-1.2.0-r36h6115d3f_1003.tar.bz2#ad3140f8a680f33dfe59fd4fec7201b2
https://conda.anaconda.org/conda-forge/noarch/r-knitr-1.29-r36h6115d3f_0.tar.bz2#e9d5919935333cceeb60e4ab2b7a5129
https://conda.anaconda.org/conda-forge/osx-64/r-mgcv-1.8_33-r36hb6d66fe_0.tar.bz2#dbfda6c3d405554a17580fd37f2cc9ca
https://conda.anaconda.org/conda-forge/osx-64/r-openssl-1.4.2-r36h9d0ceee_0.tar.bz2#f33fadeb0d7656b82d585446b5e956a5
https://conda.anaconda.org/conda-forge/noarch/r-r.utils-2.10.1-r36h6115d3f_0.tar.bz2#27b6f03a842517fff288304ee83a032c
https://conda.anaconda.org/conda-forge/osx-64/r-survival-3.2_3-r36h17f1fa6_0.tar.bz2#b3a57e4b3fbc74f607808983cd7fd2ac
https://conda.anaconda.org/conda-forge/osx-64/r-vctrs-0.3.4-r36h800e0f2_0.tar.bz2#6359379c4163f427f9b31fcdcc95eb60
https://conda.anaconda.org/conda-forge/osx-64/notebook-6.1.4-py38h32f6830_0.tar.bz2#287e05080593e41f9af87169dacc24f7
https://conda.anaconda.org/conda-forge/noarch/r-cyclocomp-1.1.0-r36h6115d3f_1004.tar.bz2#727da14ef9455d3e228b131a06800055
https://conda.anaconda.org/conda-forge/noarch/r-hms-0.5.3-r36h6115d3f_1.tar.bz2#b8e3f83c6f3891200e6adab52900963c
https://conda.anaconda.org/conda-forge/noarch/r-httr-1.4.2-r36h6115d3f_0.tar.bz2#b99f0021f886a4f208e8492ba1f8ec1f
https://conda.anaconda.org/conda-forge/noarch/r-pillar-1.4.6-r36h6115d3f_0.tar.bz2#0562c96c3feab8bc4212374cdad86071
https://conda.anaconda.org/conda-forge/noarch/r-pkgbuild-1.1.0-r36h6115d3f_0.tar.bz2#bbc33a8ed43a342d24bc2346d2b25b31
https://conda.anaconda.org/conda-forge/noarch/r-r.cache-0.14.0-r36h6115d3f_1.tar.bz2#f95cba24b30035fffa3edb26a0d2b49a
https://conda.anaconda.org/conda-forge/noarch/r-recommended-3.6-r36_1004.tar.bz2#dc27f20b157cd03ccb32e98c451b9cf8
https://conda.anaconda.org/conda-forge/noarch/jupyterlab_server-1.2.0-py_0.tar.bz2#77d654573f19a836b326fb77ffd86860
https://conda.anaconda.org/conda-forge/noarch/r-3.6-r36_1004.tar.bz2#2fbd4141ccbc21e8e79cd20051b0a9d1
https://conda.anaconda.org/conda-forge/osx-64/r-pkgload-1.1.0-r36hc5da6b9_0.tar.bz2#6ec1e6e3daccc2a5218860268df500b3
https://conda.anaconda.org/conda-forge/noarch/r-repr-1.1.0-r36h6115d3f_1.tar.bz2#79528754edef88a8276f8325884e70bf
https://conda.anaconda.org/conda-forge/osx-64/r-tibble-3.0.3-r36h17f1fa6_0.tar.bz2#9e1166daa4540ea45cdc1768a171e6e3
https://conda.anaconda.org/conda-forge/noarch/jupyterlab-2.2.7-py_0.tar.bz2#5b91f512df1c1bc191c540df8a274c82
https://conda.anaconda.org/conda-forge/noarch/r-irdisplay-0.7-r36_1002.tar.bz2#be7c34b93a8b03e3dce5344ac9a94c6a
https://conda.anaconda.org/conda-forge/osx-64/r-readr-1.3.1-r36hc5da6b9_1004.tar.bz2#63f7627d1e3f0f31d24780517729abe3
https://conda.anaconda.org/conda-forge/noarch/r-rematch2-2.1.2-r36h6115d3f_1.tar.bz2#ce9c3aa34838ec179fd0703123b02392
https://conda.anaconda.org/conda-forge/osx-64/r-testthat-2.3.2-r36hc5da6b9_1.tar.bz2#bee548e1f1f5184012c011321fb6fe96
https://conda.anaconda.org/conda-forge/noarch/r-irkernel-1.1.1-r36h6115d3f_0.tar.bz2#8ea08366bbff0addcee6fb5ee199e464
https://conda.anaconda.org/conda-forge/noarch/r-lintr-2.0.1-r36h6115d3f_1.tar.bz2#1b51610cd9c437fa7ef061b4487bc73c
https://conda.anaconda.org/conda-forge/noarch/r-styler-1.3.2-r36h6115d3f_1.tar.bz2#591c42c9bbae05542fa18e86b6f722db
https://conda.anaconda.org/conda-forge/osx-64/r-languageserver-0.3.6-r36h17f1fa6_0.tar.bz2#19f1ddfbccd5fd04db9c81a3c95c6bcf
