# platform: linux-64
# env_hash: ddf22eeb621affbebe6599e17b16a7b8028a44758184495041138083a81e38de
@EXPLICIT
https://conda.anaconda.org/conda-forge/linux-64/texlab-2.2.0-he32d670_0.tar.bz2#ded86115b98be12936467b221594ff76
https://conda.anaconda.org/conda-forge/linux-64/_libgcc_mutex-0.1-conda_forge.tar.bz2#d7c89558ba9fa0495403155b64376d81
https://conda.anaconda.org/conda-forge/noarch/_r-mutex-1.0.1-anacondar_1.tar.bz2#19f9db5f4f1b7f5ef5f6d67207f25f38
https://conda.anaconda.org/conda-forge/linux-64/ca-certificates-2020.6.20-hecda079_0.tar.bz2#1b1cca86e95c416a8e7eb6062af6d503
https://conda.anaconda.org/conda-forge/noarch/kernel-headers_linux-64-2.6.32-h77966d4_13.tar.bz2#182b3bbe97ca334be3ccb50b80810bb1
https://conda.anaconda.org/conda-forge/linux-64/ld_impl_linux-64-2.34-hc38a660_9.tar.bz2#aa1e7603f8dd36f8d60026cda3f1fb2c
https://conda.anaconda.org/conda-forge/linux-64/libgcc-devel_linux-64-7.5.0-h42c25f5_16.tar.bz2#b92e1084fe7aecce641cb9fc7eeeb829
https://conda.anaconda.org/conda-forge/linux-64/libgfortran-ng-7.5.0-hdf63c60_16.tar.bz2#d403b27c431064370f9d1b1962f8a86b
https://conda.anaconda.org/conda-forge/linux-64/libstdcxx-devel_linux-64-7.5.0-h4084dd6_16.tar.bz2#4497e28fb40ee987611bb8404e894178
https://conda.anaconda.org/conda-forge/linux-64/libstdcxx-ng-9.3.0-hdf63c60_16.tar.bz2#2c7c23cdad4f42f924d19029ef97475c
https://conda.anaconda.org/conda-forge/linux-64/pandoc-2.10.1-h516909a_0.tar.bz2#8101ef00bcd1e337b62807c3671a64ac
https://conda.anaconda.org/conda-forge/linux-64/libgomp-9.3.0-h24d8f2e_16.tar.bz2#48f89ebfddb4ac93e74b0f4ab14c4a13
https://conda.anaconda.org/conda-forge/noarch/sysroot_linux-64-2.12-h77966d4_13.tar.bz2#e411486a18c4f61c59083c5792c1ce3b
https://conda.anaconda.org/conda-forge/linux-64/_openmp_mutex-4.5-1_gnu.tar.bz2#561e277319a41d4f24f5c05a9ef63c04
https://conda.anaconda.org/conda-forge/linux-64/binutils_impl_linux-64-2.34-h2122c62_9.tar.bz2#3821fcc9c963b6d3e337900419c8acf9
https://conda.anaconda.org/conda-forge/linux-64/binutils_linux-64-2.34-h47ac705_27.tar.bz2#dab9507161e6e0fbf298ac3ce749781a
https://conda.anaconda.org/conda-forge/linux-64/libgcc-ng-9.3.0-h24d8f2e_16.tar.bz2#846daf5c2a4dd387047cc5ccc6b9c613
https://conda.anaconda.org/conda-forge/linux-64/bzip2-1.0.8-h516909a_3.tar.bz2#a05ea3fc1a51cf629bd49b481f729ebd
https://conda.anaconda.org/conda-forge/linux-64/c-ares-1.16.1-h516909a_3.tar.bz2#8d0f54b0a09bb496dea3f8dae0c551e4
https://conda.anaconda.org/conda-forge/linux-64/firefox-80.0-he1b5a44_0.tar.bz2#179009f21543f578fb2a1ae2dc5d85a1
https://conda.anaconda.org/conda-forge/linux-64/fribidi-1.0.10-h516909a_0.tar.bz2#bdc16c2b8852914fdbadb8e4d6361a8b
https://conda.anaconda.org/conda-forge/linux-64/gcc_impl_linux-64-7.5.0-hdb87b24_16.tar.bz2#573939dec3ce534ef87c4976566090e2
https://conda.anaconda.org/conda-forge/linux-64/geckodriver-0.27.0-he1b5a44_0.tar.bz2#99086e89f703f7da14c59e1853f8ca2b
https://conda.anaconda.org/conda-forge/linux-64/graphite2-1.3.13-he1b5a44_1001.tar.bz2#9214f49f6d97e53e1e6b13f73a25a21e
https://conda.anaconda.org/conda-forge/linux-64/icu-64.2-he1b5a44_1.tar.bz2#8e881214a23508f1541eb7a3135d6fcb
https://conda.anaconda.org/conda-forge/linux-64/jpeg-9d-h516909a_0.tar.bz2#aa82d2e6e1fa196bf4addd7ebc71a807
https://conda.anaconda.org/conda-forge/linux-64/libev-4.33-h516909a_1.tar.bz2#6f8720dff19e17ce5d48cfe7f3d2f0a3
https://conda.anaconda.org/conda-forge/linux-64/libffi-3.2.1-he1b5a44_1007.tar.bz2#11389072d7d6036fd811c3d9460475cd
https://conda.anaconda.org/conda-forge/linux-64/libiconv-1.16-h516909a_0.tar.bz2#5c0f338a513a2943c659ae619fca9211
https://conda.anaconda.org/conda-forge/linux-64/libopenblas-0.3.10-pthreads_hb3c22a3_4.tar.bz2#8e3914247353e97a184909dbee132bfb
https://conda.anaconda.org/conda-forge/linux-64/libsodium-1.0.18-h516909a_0.tar.bz2#3475e9e7c8c9ead7f75c70b7703cb100
https://conda.anaconda.org/conda-forge/linux-64/libuuid-2.32.1-h14c3975_1000.tar.bz2#39c6326f6ee5297632c47db6520546fe
https://conda.anaconda.org/conda-forge/linux-64/libuv-1.39.0-h516909a_0.tar.bz2#04cc629a75f9bb0ecef9908ae2eac322
https://conda.anaconda.org/conda-forge/linux-64/libwebp-base-1.1.0-h516909a_3.tar.bz2#3d543511584978d6e22b6c194ae3b81e
https://conda.anaconda.org/conda-forge/linux-64/lz4-c-1.9.2-he1b5a44_3.tar.bz2#b2e54aad8640e7a877d2280d3ebfe85b
https://conda.anaconda.org/conda-forge/linux-64/make-4.3-h516909a_0.tar.bz2#bbafaf90013905517818c3486f17d710
https://conda.anaconda.org/conda-forge/linux-64/ncurses-6.2-he1b5a44_1.tar.bz2#d3da4932f3d8e6b3c81fcf177d1e6eab
https://conda.anaconda.org/conda-forge/linux-64/openssl-1.1.1g-h516909a_1.tar.bz2#6fdcd20ec22aeffa10b6102bccc47e7f
https://conda.anaconda.org/conda-forge/linux-64/pcre-8.44-he1b5a44_0.tar.bz2#e647d89cd5cdf62760cf283a001841ff
https://conda.anaconda.org/conda-forge/linux-64/pixman-0.38.0-h516909a_1003.tar.bz2#7c0b1414e5af196415f7808fbd704143
https://conda.anaconda.org/conda-forge/linux-64/pthread-stubs-0.4-h14c3975_1001.tar.bz2#e0b9987b65bba8016d21f5bdbe0a7923
https://conda.anaconda.org/conda-forge/linux-64/sed-4.8-hbfbb72e_0.tar.bz2#dd25e60fc346d08361d109d181d8b467
https://conda.anaconda.org/conda-forge/linux-64/xorg-kbproto-1.0.7-h14c3975_1002.tar.bz2#6dfe5dbe10d55266e4a5e89287eed578
https://conda.anaconda.org/conda-forge/linux-64/xorg-libice-1.0.10-h516909a_0.tar.bz2#4dfda1ccfd0cc90c4fe6786acece9a30
https://conda.anaconda.org/conda-forge/linux-64/xorg-libxau-1.0.9-h14c3975_0.tar.bz2#ffa7c2b7a2c7dc779ed9e38b10a93c3c
https://conda.anaconda.org/conda-forge/linux-64/xorg-libxdmcp-1.1.3-h516909a_0.tar.bz2#e95a160e60b2a327309a6d323a4d780e
https://conda.anaconda.org/conda-forge/linux-64/xorg-renderproto-0.11.1-h14c3975_1002.tar.bz2#fbcb7fa11dee1a5d3df4371cc55bb229
https://conda.anaconda.org/conda-forge/linux-64/xorg-xextproto-7.3.0-h14c3975_1002.tar.bz2#f08999859c405bad87c4bf9b6cdc7bbb
https://conda.anaconda.org/conda-forge/linux-64/xorg-xproto-7.0.31-h14c3975_1007.tar.bz2#a45d8cd411bdf8f08ced463f68986b62
https://conda.anaconda.org/conda-forge/linux-64/xz-5.2.5-h516909a_1.tar.bz2#33f601066901f3e1a85af3522a8113f9
https://conda.anaconda.org/conda-forge/linux-64/yaml-0.2.5-h516909a_0.tar.bz2#03a530e925414902547cf48da7756db8
https://conda.anaconda.org/conda-forge/linux-64/zlib-1.2.11-h516909a_1009.tar.bz2#93486907c6757170a5125198506d9cf8
https://conda.anaconda.org/conda-forge/linux-64/chktex-1.7.6-he28a2e2_0.tar.bz2#50c60a9be3adf37cd63fdb9b0672bd03
https://conda.anaconda.org/conda-forge/linux-64/gcc_linux-64-7.5.0-hf34d7eb_27.tar.bz2#ceb1bdd4d33a648707f3f8828e5ced28
https://conda.anaconda.org/conda-forge/linux-64/gettext-0.19.8.1-hc5be6a0_1002.tar.bz2#8c2f1de42f9eec059418f3083f03cabc
https://conda.anaconda.org/conda-forge/linux-64/gfortran_impl_linux-64-7.5.0-h1104b78_16.tar.bz2#486ddb27cdcd893b6786813a086b0f85
https://conda.anaconda.org/conda-forge/linux-64/gxx_impl_linux-64-7.5.0-h1104b78_16.tar.bz2#3c5c0fca1f29eb84a8091ce787d7e2d4
https://conda.anaconda.org/conda-forge/linux-64/libblas-3.8.0-17_openblas.tar.bz2#fdd1790e564778bf0c616e639badfe58
https://conda.anaconda.org/conda-forge/linux-64/libedit-3.1.20191231-he28a2e2_2.tar.bz2#4d331e44109e3f0e19b4cb8f9b82f3e1
https://conda.anaconda.org/conda-forge/linux-64/libnghttp2-1.41.0-h8cfc5f6_2.tar.bz2#726ca0fed4bde95b056ef26df1efaf60
https://conda.anaconda.org/conda-forge/linux-64/libpng-1.6.37-hed695b0_2.tar.bz2#5685fb1f2e761545e9f5ea34411efd98
https://conda.anaconda.org/conda-forge/linux-64/libssh2-1.9.0-hab1572f_5.tar.bz2#18aaa1bd2238ae2b5e89591046973123
https://conda.anaconda.org/conda-forge/linux-64/libxcb-1.13-h14c3975_1002.tar.bz2#ca4eb860b5528d5c6de8d97021d9ef78
https://conda.anaconda.org/conda-forge/linux-64/libxml2-2.9.10-hee79883_0.tar.bz2#0217b0926808b1adf93247bba489d733
https://conda.anaconda.org/conda-forge/linux-64/nodejs-10.22.0-hf5d1a2b_0.tar.bz2#8045dc233e2bb14a3ff7cdb372d414a6
https://conda.anaconda.org/conda-forge/linux-64/readline-8.0-he28a2e2_2.tar.bz2#4d0ae8d473f863696088f76800ef9d38
https://conda.anaconda.org/conda-forge/linux-64/tk-8.6.10-hed695b0_0.tar.bz2#9a3e126468fa7fb6a54caad41b5a2d45
https://conda.anaconda.org/conda-forge/linux-64/xorg-libsm-1.2.3-h84519dc_1000.tar.bz2#56cc238b81624db9e3e36b2b6a482cc1
https://conda.anaconda.org/conda-forge/linux-64/zeromq-4.3.2-he1b5a44_3.tar.bz2#d9e734dd2b3da4e4380c9c98e6a78b40
https://conda.anaconda.org/conda-forge/linux-64/zstd-1.4.5-h6597ccf_2.tar.bz2#d60d50f369d40f9787878cdd866fc9d3
https://conda.anaconda.org/conda-forge/linux-64/bwidget-1.9.14-0.tar.bz2#3725d06a3cab8cae82a93774582c8978
https://conda.anaconda.org/conda-forge/linux-64/freetype-2.10.2-he06d7ca_0.tar.bz2#520fb55b5f6e29179499000b8107fe0a
https://conda.anaconda.org/conda-forge/linux-64/gfortran_linux-64-7.5.0-ha781d05_27.tar.bz2#8796414e7cae565161dc62c8fe66a2cf
https://conda.anaconda.org/conda-forge/linux-64/gxx_linux-64-7.5.0-ha781d05_27.tar.bz2#36f3b65563c9264b6d1e04369f0456ba
https://conda.anaconda.org/conda-forge/linux-64/krb5-1.17.1-hfafb76e_3.tar.bz2#b9c0993124fbf5f4ccf37fd00d6a3705
https://conda.anaconda.org/conda-forge/linux-64/libcblas-3.8.0-17_openblas.tar.bz2#28f6376d1c4ca5e0fc287fb0484e37a1
https://conda.anaconda.org/conda-forge/linux-64/liblapack-3.8.0-17_openblas.tar.bz2#09cfbcdb4888dc9010b4cbc60e55c6ad
https://conda.anaconda.org/conda-forge/linux-64/libtiff-4.1.0-hc7e4089_6.tar.bz2#fa73bbe576ceb0c200a232c7956d8661
https://conda.anaconda.org/conda-forge/linux-64/sqlite-3.33.0-h4cf870e_0.tar.bz2#b22603a9c94d2cda5911f7a2cd55aa95
https://conda.anaconda.org/conda-forge/linux-64/tktable-2.10-h555a92e_3.tar.bz2#480a6689c4fe0031532ce6bb2d1ff53f
https://conda.anaconda.org/conda-forge/linux-64/xorg-libx11-1.6.12-h516909a_0.tar.bz2#cdea71c3e27611e012419faea02c56bd
https://conda.anaconda.org/conda-forge/linux-64/fontconfig-2.13.1-h86ecdb6_1001.tar.bz2#51b20857a0d8b2434696f3515a1098d6
https://conda.anaconda.org/conda-forge/linux-64/gsl-2.6-h294904e_0.tar.bz2#3e5297efa0c87956c6aed018edf627cc
https://conda.anaconda.org/conda-forge/linux-64/libcurl-7.71.1-hcdd3856_5.tar.bz2#f4461889dd727ffcd1f4dcccaced1892
https://conda.anaconda.org/conda-forge/linux-64/python-3.6.11-h425cb1d_2_cpython.tar.bz2#fef3795910be170b76705535b56f5fd0
https://conda.anaconda.org/conda-forge/linux-64/xorg-libxext-1.3.4-h516909a_0.tar.bz2#aba40ec20012e0a2641ced275a0abdca
https://conda.anaconda.org/conda-forge/linux-64/xorg-libxrender-0.9.10-h516909a_1002.tar.bz2#bf3514891c6743ed808602fa9f4f1508
https://conda.anaconda.org/conda-forge/noarch/async_generator-1.10-py_0.tar.bz2#d56c596e61b1c4952acf0a9920856c12
https://conda.anaconda.org/conda-forge/noarch/attrs-20.2.0-pyh9f0ad1d_0.tar.bz2#72fe75fed07fe89d6ef02034bf1e94a5
https://conda.anaconda.org/conda-forge/noarch/backcall-0.2.0-pyh9f0ad1d_0.tar.bz2#6006a6d08a3fa99268a2681c7fb55213
https://conda.anaconda.org/conda-forge/linux-64/backports-1.0-py36_1.tar.bz2#0e8774f348e40cdc512fee62fb202f7b
https://conda.anaconda.org/conda-forge/linux-64/curl-7.71.1-he644dc0_5.tar.bz2#9eae3ea3b94261a865bf2882f2876d78
https://conda.anaconda.org/conda-forge/noarch/decorator-4.4.2-py_0.tar.bz2#d2eabb9cabd212e1ec6a9463bd846243
https://conda.anaconda.org/conda-forge/noarch/defusedxml-0.6.0-py_0.tar.bz2#37e1033daee0e2edaa5ff42584c52b21
https://conda.anaconda.org/conda-forge/linux-64/glib-2.65.0-h6f030ca_0.tar.bz2#b0de00a186a544e2bdaed9765d97868f
https://conda.anaconda.org/conda-forge/noarch/idna-2.10-pyh9f0ad1d_0.tar.bz2#f95a12b4f435aae6680fe55ae2eb1b06
https://conda.anaconda.org/conda-forge/noarch/iniconfig-1.0.1-pyh9f0ad1d_0.tar.bz2#b24cafcf37a962a001a237a6299f580d
https://conda.anaconda.org/conda-forge/linux-64/ipython_genutils-0.2.0-py36_0.tar.bz2#80794c9ad52d72002687dc91222b31ba
https://conda.anaconda.org/conda-forge/noarch/json5-0.9.4-pyh9f0ad1d_0.tar.bz2#075494d3f4e4466f8dba14d68e100bef
https://conda.anaconda.org/conda-forge/linux-64/mccabe-0.6.1-py36_0.tar.bz2#29d92625a6dfc7715ac8fa1ef7b0e23c
https://conda.anaconda.org/conda-forge/noarch/more-itertools-8.5.0-py_0.tar.bz2#3a2fa1ebe4306ae3190b1ed69a55b3fd
https://conda.anaconda.org/conda-forge/noarch/nest-asyncio-1.4.0-py_0.tar.bz2#3203f15095157b7e1238db3cf77799e5
https://conda.anaconda.org/conda-forge/linux-64/pandocfilters-1.4.2-py36_0.tar.bz2#26be51dcfe88655e156b2441843ffd3a
https://conda.anaconda.org/conda-forge/noarch/parso-0.7.1-pyh9f0ad1d_0.tar.bz2#f66647d1ec805566d72ac26f62b19c01
https://conda.anaconda.org/conda-forge/noarch/prometheus_client-0.8.0-pyh9f0ad1d_0.tar.bz2#0409863e03d2abb75d9b91b903697ed0
https://conda.anaconda.org/conda-forge/linux-64/ptyprocess-0.6.0-py36_1000.tar.bz2#bae42840b400c08f8a2e9fd8ab3fabdb
https://conda.anaconda.org/conda-forge/noarch/py-1.9.0-pyh9f0ad1d_0.tar.bz2#82beb69c4e05d65702bbde3c63d6ef58
https://conda.anaconda.org/conda-forge/noarch/pycodestyle-2.6.0-pyh9f0ad1d_0.tar.bz2#a08d6f5a610c7194da158add79f2b018
https://conda.anaconda.org/conda-forge/noarch/pycparser-2.20-pyh9f0ad1d_2.tar.bz2#aa798d50ffd182a0f6f31478c7f434f6
https://conda.anaconda.org/conda-forge/noarch/pyflakes-2.2.0-pyh9f0ad1d_0.tar.bz2#b13f3395d2eb4a2705629127a8a8cfaa
https://conda.anaconda.org/conda-forge/noarch/pyparsing-2.4.7-pyh9f0ad1d_0.tar.bz2#626c4f20d5bf06dcec9cf2eaa31725c7
https://conda.anaconda.org/conda-forge/linux-64/python_abi-3.6-1_cp36m.tar.bz2#7f3681b01bd688b48bfbdae483b2918f
https://conda.anaconda.org/conda-forge/noarch/pytz-2020.1-pyh9f0ad1d_0.tar.bz2#e52abc1f0fd70e05001c1ceb2696f625
https://conda.anaconda.org/conda-forge/noarch/robotframework-3.2.2-pyh9f0ad1d_0.tar.bz2#1faf44d9a76019b0a3da4d02dead93ec
https://conda.anaconda.org/conda-forge/noarch/rope-0.17.0-pyh9f0ad1d_0.tar.bz2#96eb29cd34fa9ade5d4b2610e46c6f0e
https://conda.anaconda.org/conda-forge/noarch/send2trash-1.5.0-py_0.tar.bz2#c3779037a635e1150f1c53c28b875949
https://conda.anaconda.org/conda-forge/linux-64/simplegeneric-0.8.1-py36_0.tar.bz2#277847d3779501b4ef722aed1d8673e5
https://conda.anaconda.org/conda-forge/noarch/six-1.15.0-pyh9f0ad1d_0.tar.bz2#1eec421f0f1f39e579e44e4a5ce646a2
https://conda.anaconda.org/conda-forge/noarch/snowballstemmer-2.0.0-py_0.tar.bz2#fa34c3e7fb741022eb79169c354ca1ae
https://conda.anaconda.org/conda-forge/noarch/testpath-0.4.4-py_0.tar.bz2#3b98fff4d5342bebde2ecaa314f796f9
https://conda.anaconda.org/conda-forge/noarch/toml-0.10.1-pyh9f0ad1d_0.tar.bz2#ca47d0ef822fd23b7ec9771a36645e5e
https://conda.anaconda.org/conda-forge/linux-64/typed-ast-1.4.1-py36h516909a_0.tar.bz2#857747e7720c27a327fc1446fbf585f9
https://conda.anaconda.org/conda-forge/noarch/webencodings-0.5.1-py_1.tar.bz2#3563be4c5611a44210d9ba0c16113136
https://conda.anaconda.org/conda-forge/noarch/wheel-0.35.1-pyh9f0ad1d_0.tar.bz2#126827869be32f21872a2b30ebe2b038
https://conda.anaconda.org/conda-forge/linux-64/wrapt-1.11.2-py36h516909a_0.tar.bz2#04cefaf6441f3d934166dcf4c1127529
https://conda.anaconda.org/conda-forge/noarch/yapf-0.30.0-pyh9f0ad1d_0.tar.bz2#175a8ce5a94eaa57cb5a6560cac21713
https://conda.anaconda.org/conda-forge/noarch/zipp-3.1.0-py_0.tar.bz2#61948e426a3a3ec1fa7c90a44c2585d1
https://conda.anaconda.org/conda-forge/noarch/autopep8-1.5.4-pyh9f0ad1d_0.tar.bz2#e5a007c7520d70e6d65840b563cee8df
https://conda.anaconda.org/conda-forge/linux-64/cairo-1.16.0-hcf35c78_1003.tar.bz2#6b996a9e9337b64a7477942b84d3afe5
https://conda.anaconda.org/conda-forge/linux-64/certifi-2020.6.20-py36h9f0ad1d_0.tar.bz2#a2a7acf537fb8cc533b598d38d8aa458
https://conda.anaconda.org/conda-forge/linux-64/cffi-1.14.1-py36h0ff685e_0.tar.bz2#ccd9d7b5af2d181f3597c388a11bc141
https://conda.anaconda.org/conda-forge/linux-64/chardet-3.0.4-py36h9f0ad1d_1006.tar.bz2#40d38d319a3a388dc6ff5e102419d29a
https://conda.anaconda.org/conda-forge/linux-64/coverage-5.2.1-py36h8c4c3a4_0.tar.bz2#03fbb68aacb24d54f94d6347e4610191
https://conda.anaconda.org/conda-forge/linux-64/entrypoints-0.3-py36h9f0ad1d_1001.tar.bz2#2cb1beb7a0d40421be2762978591fba2
https://conda.anaconda.org/conda-forge/linux-64/future-0.18.2-py36h9f0ad1d_1.tar.bz2#132cf027a4457ce2c17490d3c180ed2e
https://conda.anaconda.org/conda-forge/linux-64/importlib-metadata-1.7.0-py36h9f0ad1d_0.tar.bz2#90bd2acd42e189ac4afa32e165b1eea7
https://conda.anaconda.org/conda-forge/linux-64/jedi-0.17.2-py36h9f0ad1d_0.tar.bz2#65c3dec7d3bc504f437977ecc03968e7
https://conda.anaconda.org/conda-forge/linux-64/lazy-object-proxy-1.4.3-py36h8c4c3a4_2.tar.bz2#ed5f29b512d3b26ea5afcbfeefdea3b8
https://conda.anaconda.org/conda-forge/linux-64/markupsafe-1.1.1-py36h8c4c3a4_1.tar.bz2#384531b3e97ed854edcf9140e8347676
https://conda.anaconda.org/conda-forge/linux-64/mistune-0.8.4-py36h8c4c3a4_1001.tar.bz2#51162da1c7b3212e72f0abd888c45144
https://conda.anaconda.org/conda-forge/noarch/packaging-20.4-pyh9f0ad1d_0.tar.bz2#6d160f7346ac815500b5475d9a0f88a9
https://conda.anaconda.org/conda-forge/linux-64/pexpect-4.8.0-py36h9f0ad1d_1.tar.bz2#7fde8ab34b9254a5c8fb8004f7c649cb
https://conda.anaconda.org/conda-forge/linux-64/pickleshare-0.7.5-py36h9f0ad1d_1001.tar.bz2#1c98ac6dfa0b483945fa0febc806c8b7
https://conda.anaconda.org/conda-forge/noarch/pydocstyle-5.1.1-py_0.tar.bz2#b3e4ef3ad3544282d12cee708e956dcd
https://conda.anaconda.org/conda-forge/linux-64/pyrsistent-0.17.2-py36h8c4c3a4_0.tar.bz2#9dc4fc3769face1f589414e430197b82
https://conda.anaconda.org/conda-forge/linux-64/pysocks-1.7.1-py36h9f0ad1d_1.tar.bz2#24b78415f0724a53f66a1f22e7c18f5f
https://conda.anaconda.org/conda-forge/noarch/python-dateutil-2.8.1-py_0.tar.bz2#0d0150ed9c2d25817f5324108d3f7571
https://conda.anaconda.org/conda-forge/linux-64/pyzmq-19.0.2-py36h9947dbf_0.tar.bz2#6a474b754a341aa0ff537c712bc679e4
https://conda.anaconda.org/conda-forge/noarch/robotframework-pythonlibcore-2.1.0-py_0.tar.bz2#de381ef42de5c25524f5c43cd487a999
https://conda.anaconda.org/conda-forge/linux-64/ruamel_yaml-0.15.80-py36h8c4c3a4_1002.tar.bz2#e40786e1fce32130e9d441aa4083fa1a
https://conda.anaconda.org/conda-forge/linux-64/soupsieve-2.0.1-py36h9f0ad1d_0.tar.bz2#c53690846affd8ac9683d6cac5fa95a1
https://conda.anaconda.org/conda-forge/linux-64/tornado-6.0.4-py36h8c4c3a4_1.tar.bz2#038edfc7e1ee730d9542270ea01ea908
https://conda.anaconda.org/conda-forge/linux-64/traitlets-4.3.3-py36h9f0ad1d_1.tar.bz2#37802414836e8c0594873aaf656ace5d
https://conda.anaconda.org/conda-forge/noarch/tzlocal-2.1-pyh9f0ad1d_0.tar.bz2#9d16668487f3fd44290d9fdbbd25b283
https://conda.anaconda.org/conda-forge/linux-64/ujson-1.35-py36h831f99a_1002.tar.bz2#1fb4cc1f04a63db2796c474917da4691
https://conda.anaconda.org/conda-forge/linux-64/argon2-cffi-20.1.0-py36h8c4c3a4_1.tar.bz2#e90b3800520629cf2ac3e99dd93e5a47
https://conda.anaconda.org/conda-forge/linux-64/beautifulsoup4-4.9.1-py36h9f0ad1d_0.tar.bz2#2e576448c83494f1adc65d6e88bbd070
https://conda.anaconda.org/conda-forge/linux-64/brotlipy-0.7.0-py36h516909a_1000.tar.bz2#b7e2bb2958f1641bbbd8c715889f20ba
https://conda.anaconda.org/conda-forge/linux-64/cryptography-3.1-py36h45558ae_0.tar.bz2#ea45db94214c8a900a3fec26661c395d
https://conda.anaconda.org/conda-forge/linux-64/harfbuzz-2.4.0-h9f30f68_3.tar.bz2#c2ab1218b36ce66f20133ebcec2c00fe
https://conda.anaconda.org/conda-forge/noarch/importlib_metadata-1.7.0-0.tar.bz2#3e6503b25200f60149cce699a47cf09e
https://conda.anaconda.org/conda-forge/linux-64/jupyter_core-4.6.3-py36h9f0ad1d_1.tar.bz2#6d69b615a47c8a8a09fcbe2ee4b6e3f4
https://conda.anaconda.org/conda-forge/noarch/python-jsonrpc-server-0.3.4-pyh9f0ad1d_1.tar.bz2#6ec9333b96b7b3fb33385ed01b96d894
https://conda.anaconda.org/conda-forge/linux-64/setuptools-49.6.0-py36h9f0ad1d_0.tar.bz2#25db5f7b909db392bff63f8111fbfa06
https://conda.anaconda.org/conda-forge/linux-64/terminado-0.8.3-py36h9f0ad1d_1.tar.bz2#742447fd30d093231aa2235e0dda229c
https://conda.anaconda.org/conda-forge/linux-64/astroid-2.4.2-py36h9f0ad1d_0.tar.bz2#59981b90e914248587c613bb68ecda2c
https://conda.anaconda.org/conda-forge/noarch/backports.functools_lru_cache-1.6.1-py_0.tar.bz2#d36df15eaef96549ce6231e3088fba54
https://conda.anaconda.org/conda-forge/noarch/bleach-3.1.5-pyh9f0ad1d_0.tar.bz2#fdd3428764b35bd251798db254a9bdea
https://conda.anaconda.org/conda-forge/noarch/bs4-4.9.1-1.tar.bz2#137a388089701ca041c9cbef0311373b
https://conda.anaconda.org/conda-forge/noarch/flake8-3.8.3-py_1.tar.bz2#aa903667fece7fa824b0647b2db6929e
https://conda.anaconda.org/conda-forge/linux-64/isort-5.5.2-py36h9f0ad1d_0.tar.bz2#570d986735e981f2b15a21b70591ac2b
https://conda.anaconda.org/conda-forge/noarch/jinja2-2.11.2-pyh9f0ad1d_0.tar.bz2#e8a5d614d1a27bdba00059ca062a0551
https://conda.anaconda.org/conda-forge/linux-64/jsonschema-3.2.0-py36h9f0ad1d_1.tar.bz2#eefe83ff43117f8af6d4641d1bc9fce6
https://conda.anaconda.org/conda-forge/noarch/jupyter_client-6.1.7-py_0.tar.bz2#bcaa486602c05413da0808b82898f60a
https://conda.anaconda.org/conda-forge/linux-64/pango-1.42.4-h7062337_4.tar.bz2#cb86ea27a4aceb0e9d7e1f8d59a7e3f3
https://conda.anaconda.org/conda-forge/noarch/pip-20.2.3-py_0.tar.bz2#2a473e697f17443a8647c3d7d22043d3
https://conda.anaconda.org/conda-forge/linux-64/pluggy-0.13.1-py36h9f0ad1d_2.tar.bz2#a8bd95c374bf7750bdc21a470546c4fb
https://conda.anaconda.org/conda-forge/noarch/pygments-2.6.1-py_0.tar.bz2#37736a64e169c430eac98a46ddc1ac4a
https://conda.anaconda.org/conda-forge/linux-64/pyopenssl-19.1.0-py36_0.tar.bz2#49f709cc358c4cc25c0ea9fbaa5c9a0e
https://conda.anaconda.org/conda-forge/linux-64/tectonic-0.1.12-hbc1ed39_0.tar.bz2#5f60c9a622539cee5700f945556fb854
https://conda.anaconda.org/conda-forge/noarch/jupyterlab_pygments-0.1.1-pyh9f0ad1d_0.tar.bz2#1dcc48a573e69b44f9065dbe665fc186
https://conda.anaconda.org/conda-forge/noarch/nbformat-5.0.7-py_0.tar.bz2#7f9984ee165126ac09d9eb678052783d
https://conda.anaconda.org/conda-forge/linux-64/pylint-2.6.0-py36h9f0ad1d_0.tar.bz2#09a88af3e60dbb6729ffc06dc4fe3209
https://conda.anaconda.org/conda-forge/linux-64/pytest-6.0.1-py36h9f0ad1d_0.tar.bz2#485c72caf2b5c3fd258016674e58304e
https://conda.anaconda.org/conda-forge/linux-64/r-base-3.6.3-h316533a_2.tar.bz2#112ddffa915fb0eb86daac17d773ce99
https://conda.anaconda.org/conda-forge/noarch/urllib3-1.25.10-py_0.tar.bz2#82cde2a532177697e42a090add881db8
https://conda.anaconda.org/conda-forge/noarch/wcwidth-0.2.5-pyh9f0ad1d_1.tar.bz2#ac581f74f00d4d9f5acec2449f310e70
https://conda.anaconda.org/conda-forge/noarch/nbclient-0.5.0-py_0.tar.bz2#1c95e6cf38f219566e281979a3a1bd27
https://conda.anaconda.org/conda-forge/noarch/prompt-toolkit-3.0.7-py_0.tar.bz2#32341741e1d778b2c54bb42191cf8571
https://conda.anaconda.org/conda-forge/linux-64/pytest-asyncio-0.12.0-py36h9f0ad1d_1.tar.bz2#3e40169347ddb6c4b4799fc2f19027ac
https://conda.anaconda.org/conda-forge/noarch/pytest-cov-2.10.1-pyh9f0ad1d_0.tar.bz2#0d83b4ea58595e9f685c51ba31f63116
https://conda.anaconda.org/conda-forge/noarch/pytest-flake8-1.0.6-pyh9f0ad1d_0.tar.bz2#da773d09f20668c9f335d6364b031b2e
https://conda.anaconda.org/conda-forge/noarch/pytest-runner-5.2-py_0.tar.bz2#6a51d7283dcc13101dbb060cddf54bfa
https://conda.anaconda.org/conda-forge/linux-64/python-language-server-0.34.1-py36h9f0ad1d_0.tar.bz2#012cea406f6ee1c1565c96ffe02a9290
https://conda.anaconda.org/conda-forge/noarch/r-assertthat-0.2.1-r36h6115d3f_2.tar.bz2#89894bf1427eea74d7adb24bf93858dc
https://conda.anaconda.org/conda-forge/linux-64/r-backports-1.1.9-r36hcdcec82_0.tar.bz2#66edde21b36f614baa342e102f4b15bf
https://conda.anaconda.org/conda-forge/linux-64/r-base64enc-0.1_3-r36hcdcec82_1004.tar.bz2#f24ebb88479984a9d034be9e42619f27
https://conda.anaconda.org/conda-forge/noarch/r-boot-1.3_25-r36h6115d3f_1.tar.bz2#7f6a007e0f053e665f3320a506715325
https://conda.anaconda.org/conda-forge/noarch/r-clipr-0.7.0-r36h6115d3f_1.tar.bz2#ef77fbbae1e4dfc59a7afe85937edea3
https://conda.anaconda.org/conda-forge/linux-64/r-cluster-2.1.0-r36h9bbef5b_3.tar.bz2#ba53f7e5860032e6fb4b109c8bffa1c3
https://conda.anaconda.org/conda-forge/noarch/r-codetools-0.2_16-r36h6115d3f_1002.tar.bz2#7d1b897afcfddc122b214c425d394ddd
https://conda.anaconda.org/conda-forge/noarch/r-crayon-1.3.4-r36h6115d3f_1003.tar.bz2#f744faf7c73cc8abbe1b87a25a24878e
https://conda.anaconda.org/conda-forge/linux-64/r-curl-4.3-r36hcdcec82_1.tar.bz2#f042fb55eba369c474121f3f04a273d3
https://conda.anaconda.org/conda-forge/linux-64/r-digest-0.6.25-r36h0357c0b_2.tar.bz2#2b73612d1717fa31652c68d921d71026
https://conda.anaconda.org/conda-forge/noarch/r-evaluate-0.14-r36h6115d3f_2.tar.bz2#de3bec436333836c3729452b91161d2b
https://conda.anaconda.org/conda-forge/linux-64/r-fansi-0.4.1-r36hcdcec82_1.tar.bz2#22b36278eae6a6a917d9eba12325c4d3
https://conda.anaconda.org/conda-forge/linux-64/r-foreign-0.8_76-r36hcdcec82_1.tar.bz2#c546c15017260d36d4032cbd88f49e9d
https://conda.anaconda.org/conda-forge/linux-64/r-fs-1.5.0-r36h0357c0b_0.tar.bz2#d58e7d9a4e4168d09b557d7f487949da
https://conda.anaconda.org/conda-forge/linux-64/r-glue-1.4.2-r36hcdcec82_0.tar.bz2#d8c13b22bbca3c3c2ec34956ca3fccdf
https://conda.anaconda.org/conda-forge/noarch/r-highr-0.8-r36h6115d3f_2.tar.bz2#63ab42c27617b72b4fe2acaff568818d
https://conda.anaconda.org/conda-forge/linux-64/r-jsonlite-1.7.1-r36hcdcec82_0.tar.bz2#abc9f72c705463f1484f53b4c52f137c
https://conda.anaconda.org/conda-forge/linux-64/r-kernsmooth-2.23_17-r36hfa343cc_1.tar.bz2#8ebd64f37cc93a8fddd14b557803964d
https://conda.anaconda.org/conda-forge/linux-64/r-lattice-0.20_41-r36hcdcec82_2.tar.bz2#b8bdf1e73795dab6125e9c32e7ef749e
https://conda.anaconda.org/conda-forge/linux-64/r-lazyeval-0.2.2-r36hcdcec82_2.tar.bz2#654cd67145b55a79286578e69b4f9eac
https://conda.anaconda.org/conda-forge/noarch/r-magrittr-1.5-r36h6115d3f_1003.tar.bz2#89a866d76b41e98cd5bfe458007877e8
https://conda.anaconda.org/conda-forge/linux-64/r-mass-7.3_53-r36hcdcec82_0.tar.bz2#c3b5fb00c4abd18691a929d1c5b33f33
https://conda.anaconda.org/conda-forge/linux-64/r-mime-0.9-r36hcdcec82_1.tar.bz2#b81f49e6548216f4dbfd7cbf237f9622
https://conda.anaconda.org/conda-forge/linux-64/r-pbdzmq-0.3_3-r36h559a7a4_1003.tar.bz2#f84bdced2e125ef11585b19e5a4da781
https://conda.anaconda.org/conda-forge/noarch/r-pkgconfig-2.0.3-r36h6115d3f_1.tar.bz2#d8c0bd8e2b4de78157be2866e6cc320b
https://conda.anaconda.org/conda-forge/noarch/r-praise-1.0.0-r36h6115d3f_1004.tar.bz2#c1c81352a7102756ef1fa1838d25ad95
https://conda.anaconda.org/conda-forge/linux-64/r-ps-1.3.4-r36hcdcec82_0.tar.bz2#2d0af4461d9e20458e3cced9c3d2b018
https://conda.anaconda.org/conda-forge/noarch/r-r.methodss3-1.8.1-r36h6115d3f_0.tar.bz2#b237f478760ee81160e29b6b8f36f738
https://conda.anaconda.org/conda-forge/noarch/r-r6-2.4.1-r36h6115d3f_1.tar.bz2#ac6356d09a1861a52aea8c93eb513e9d
https://conda.anaconda.org/conda-forge/linux-64/r-rcpp-1.0.5-r36h0357c0b_0.tar.bz2#1743ff0bd984ad2ec304fcfbcec6bb5c
https://conda.anaconda.org/conda-forge/noarch/r-remotes-2.2.0-r36h6115d3f_0.tar.bz2#70184934d0320afe26d579d7a8ccb700
https://conda.anaconda.org/conda-forge/linux-64/r-rlang-0.4.7-r36hcdcec82_0.tar.bz2#9939e103c2bee61248390bd702995cd2
https://conda.anaconda.org/conda-forge/linux-64/r-rpart-4.1_15-r36hcdcec82_2.tar.bz2#3e94ac8203f2c6007c916dc8882e7641
https://conda.anaconda.org/conda-forge/noarch/r-rstudioapi-0.11-r36h6115d3f_1.tar.bz2#8ed5ad583302bed8cf4b1cfe8858ef48
https://conda.anaconda.org/conda-forge/linux-64/r-spatial-7.3_12-r36hcdcec82_1.tar.bz2#8dd1f3613bbba6c38eba8dae04c21ca0
https://conda.anaconda.org/conda-forge/linux-64/r-stringdist-0.9.6-r36hcdcec82_0.tar.bz2#7a387763a3ff530c817268333cfe212e
https://conda.anaconda.org/conda-forge/linux-64/r-stringi-1.4.6-r36h0e574ca_2.tar.bz2#9e35b7553bd11b6b01c0885e81d4731c
https://conda.anaconda.org/conda-forge/linux-64/r-sys-3.4-r36hcdcec82_0.tar.bz2#11ceee3c93978b54463b21b967f484cb
https://conda.anaconda.org/conda-forge/linux-64/r-utf8-1.1.4-r36hcdcec82_1003.tar.bz2#1d49c6ca95781f9a58907f5a46199ad1
https://conda.anaconda.org/conda-forge/linux-64/r-uuid-0.1_4-r36hcdcec82_1.tar.bz2#d7c07d2efe98c0ce41fd2a3e8a233cd8
https://conda.anaconda.org/conda-forge/noarch/r-withr-2.2.0-r36h6115d3f_1.tar.bz2#686395604b25ffc6c8807f0b99322db1
https://conda.anaconda.org/conda-forge/linux-64/r-xfun-0.17-r36hcdcec82_0.tar.bz2#e20acbd6fde1505ac235741a66f55b4a
https://conda.anaconda.org/conda-forge/noarch/r-xmlparsedata-1.0.4-r36h6115d3f_0.tar.bz2#9d5da66185dc9eb362c4d07ef5a92a02
https://conda.anaconda.org/conda-forge/linux-64/r-yaml-2.2.1-r36hcdcec82_1.tar.bz2#f7a337838d1b1f29da89d7ef8bdbb349
https://conda.anaconda.org/conda-forge/noarch/r-zeallot-0.1.0-r36h6115d3f_1002.tar.bz2#12fd0aa909c5641bf8ae36ab462a8ccc
https://conda.anaconda.org/conda-forge/noarch/requests-2.24.0-pyh9f0ad1d_0.tar.bz2#786ef230ca5cf2536e9dee910fdf4f9f
https://conda.anaconda.org/conda-forge/linux-64/rpy2-3.3.2-py36r36h785e9b2_0.tar.bz2#0c236e2b857138e388b2885943ba4b51
https://conda.anaconda.org/conda-forge/linux-64/selenium-3.141.0-py36h8c4c3a4_1001.tar.bz2#ca868c1e1e260e84fb2a89dc5e32a944
https://conda.anaconda.org/conda-forge/linux-64/ipython-7.16.1-py36h95af2a2_0.tar.bz2#a2ebe9a0eefdd1156696080390f62c16
https://conda.anaconda.org/conda-forge/linux-64/nbconvert-6.0.0-py36h9f0ad1d_0.tar.bz2#c5ac14f248e00f83ce75610fd650004a
https://conda.anaconda.org/conda-forge/linux-64/r-askpass-1.1-r36hcdcec82_2.tar.bz2#4af1ebbcac3c46ed7a184150e8b9db90
https://conda.anaconda.org/conda-forge/linux-64/r-class-7.3_17-r36hcdcec82_1.tar.bz2#12a91a28b58dad69f43c26e2da3656fd
https://conda.anaconda.org/conda-forge/noarch/r-cli-2.0.2-r36h6115d3f_1.tar.bz2#63826798f99705dfdddf7cb21ad443b4
https://conda.anaconda.org/conda-forge/linux-64/r-collections-0.3.5-r36hcdcec82_0.tar.bz2#8b8a409409cf14524bcda172a520e627
https://conda.anaconda.org/conda-forge/linux-64/r-ellipsis-0.3.1-r36hcdcec82_0.tar.bz2#041d3c7b6c127aaa50ce32e11e2f4b74
https://conda.anaconda.org/conda-forge/linux-64/r-htmltools-0.5.0-r36h0357c0b_0.tar.bz2#3fd6d99771dc080819dd9c69791607ad
https://conda.anaconda.org/conda-forge/noarch/r-lifecycle-0.2.0-r36h6115d3f_1.tar.bz2#ff33d80f55b80fda34f0f8980af58b7b
https://conda.anaconda.org/conda-forge/linux-64/r-markdown-1.1-r36hcdcec82_1.tar.bz2#f8ed5a4cd7a9cb19d669eb376c110a10
https://conda.anaconda.org/conda-forge/linux-64/r-matrix-1.2_18-r36h7fa42b6_3.tar.bz2#df7f26b2aa8df312ec0ad53deed7deed
https://conda.anaconda.org/conda-forge/linux-64/r-nlme-3.1_149-r36h9bbef5b_0.tar.bz2#b202ed3d1f65f87dd0d5b41eec2fcfb6
https://conda.anaconda.org/conda-forge/linux-64/r-nnet-7.3_14-r36hcdcec82_1.tar.bz2#9d1c9071e166ec707c66aaef4d291e7d
https://conda.anaconda.org/conda-forge/noarch/r-prettyunits-1.1.1-r36h6115d3f_1.tar.bz2#c6ff88b560efa942ba8d0ae60b2727af
https://conda.anaconda.org/conda-forge/linux-64/r-processx-3.4.4-r36hcdcec82_0.tar.bz2#0ea2b823427da665735b697d605ce407
https://conda.anaconda.org/conda-forge/linux-64/r-purrr-0.3.4-r36hcdcec82_1.tar.bz2#b6c620f0acfd99e01d0bcddf517daaaf
https://conda.anaconda.org/conda-forge/noarch/r-r.oo-1.24.0-r36h6115d3f_0.tar.bz2#2fd05ee63f568c1f60da961363a3417f
https://conda.anaconda.org/conda-forge/noarch/r-rex-1.2.0-r36h6115d3f_1.tar.bz2#99c7273f75cf1f0a01a72c602c283b36
https://conda.anaconda.org/conda-forge/noarch/r-rprojroot-1.3_2-r36h6115d3f_1003.tar.bz2#20938c6c697d99831822775109a94306
https://conda.anaconda.org/conda-forge/noarch/r-stringr-1.4.0-r36h6115d3f_2.tar.bz2#2e6d27855dd00e5478bc774f1c45078c
https://conda.anaconda.org/conda-forge/linux-64/r-xml2-1.3.2-r36h0357c0b_1.tar.bz2#4d1903695b7654249b201dbcef40e285
https://conda.anaconda.org/conda-forge/noarch/robotframework-seleniumlibrary-4.5.0-pyh9f0ad1d_0.tar.bz2#032239f822b29aef45cc4579ae86d031
https://conda.anaconda.org/conda-forge/linux-64/ipykernel-5.3.4-py36h95af2a2_0.tar.bz2#a5c3b8c5122e605a2fde2e52f7fc6b2b
https://conda.anaconda.org/conda-forge/noarch/r-callr-3.4.4-r36h6115d3f_0.tar.bz2#4bf2918fcea01ee30c14b033931f8c87
https://conda.anaconda.org/conda-forge/noarch/r-desc-1.2.0-r36h6115d3f_1003.tar.bz2#ad3140f8a680f33dfe59fd4fec7201b2
https://conda.anaconda.org/conda-forge/noarch/r-knitr-1.29-r36h6115d3f_0.tar.bz2#e9d5919935333cceeb60e4ab2b7a5129
https://conda.anaconda.org/conda-forge/linux-64/r-mgcv-1.8_33-r36h7fa42b6_0.tar.bz2#2986bd026e3eff8ef6091559e191ce56
https://conda.anaconda.org/conda-forge/linux-64/r-openssl-1.4.2-r36he5c4762_0.tar.bz2#17ff4dbf8923363669bb7ec0658e15d9
https://conda.anaconda.org/conda-forge/noarch/r-r.utils-2.10.1-r36h6115d3f_0.tar.bz2#27b6f03a842517fff288304ee83a032c
https://conda.anaconda.org/conda-forge/linux-64/r-survival-3.2_3-r36hcdcec82_0.tar.bz2#7aa256a402176e36e2564ae721abad6a
https://conda.anaconda.org/conda-forge/linux-64/r-vctrs-0.3.4-r36hcdcec82_0.tar.bz2#3519560dd4589460711b3a9bca0c2b66
https://conda.anaconda.org/conda-forge/linux-64/notebook-6.1.4-py36h9f0ad1d_0.tar.bz2#a0d2d606845206cbff07b962ffd6c531
https://conda.anaconda.org/conda-forge/noarch/r-cyclocomp-1.1.0-r36h6115d3f_1004.tar.bz2#727da14ef9455d3e228b131a06800055
https://conda.anaconda.org/conda-forge/noarch/r-hms-0.5.3-r36h6115d3f_1.tar.bz2#b8e3f83c6f3891200e6adab52900963c
https://conda.anaconda.org/conda-forge/noarch/r-httr-1.4.2-r36h6115d3f_0.tar.bz2#b99f0021f886a4f208e8492ba1f8ec1f
https://conda.anaconda.org/conda-forge/noarch/r-pillar-1.4.6-r36h6115d3f_0.tar.bz2#0562c96c3feab8bc4212374cdad86071
https://conda.anaconda.org/conda-forge/noarch/r-pkgbuild-1.1.0-r36h6115d3f_0.tar.bz2#bbc33a8ed43a342d24bc2346d2b25b31
https://conda.anaconda.org/conda-forge/noarch/r-r.cache-0.14.0-r36h6115d3f_1.tar.bz2#f95cba24b30035fffa3edb26a0d2b49a
https://conda.anaconda.org/conda-forge/noarch/r-recommended-3.6-r36_1004.tar.bz2#dc27f20b157cd03ccb32e98c451b9cf8
https://conda.anaconda.org/conda-forge/noarch/jupyterlab_server-1.2.0-py_0.tar.bz2#77d654573f19a836b326fb77ffd86860
https://conda.anaconda.org/conda-forge/noarch/r-3.6-r36_1004.tar.bz2#2fbd4141ccbc21e8e79cd20051b0a9d1
https://conda.anaconda.org/conda-forge/linux-64/r-pkgload-1.1.0-r36h0357c0b_0.tar.bz2#2b8830644030cdd9dba29758dc0b51d0
https://conda.anaconda.org/conda-forge/noarch/r-repr-1.1.0-r36h6115d3f_1.tar.bz2#79528754edef88a8276f8325884e70bf
https://conda.anaconda.org/conda-forge/linux-64/r-tibble-3.0.3-r36hcdcec82_0.tar.bz2#7db9b1356eaa3fe8d75a660250bff539
https://conda.anaconda.org/conda-forge/noarch/jupyterlab-2.2.7-py_0.tar.bz2#5b91f512df1c1bc191c540df8a274c82
https://conda.anaconda.org/conda-forge/noarch/r-irdisplay-0.7-r36_1002.tar.bz2#be7c34b93a8b03e3dce5344ac9a94c6a
https://conda.anaconda.org/conda-forge/linux-64/r-readr-1.3.1-r36h0357c0b_1004.tar.bz2#03fff27e47b836c4c9dd7d6bda500eb3
https://conda.anaconda.org/conda-forge/noarch/r-rematch2-2.1.2-r36h6115d3f_1.tar.bz2#ce9c3aa34838ec179fd0703123b02392
https://conda.anaconda.org/conda-forge/linux-64/r-testthat-2.3.2-r36h0357c0b_1.tar.bz2#dfe8aafaac718a05fceff5e794bf49e4
https://conda.anaconda.org/conda-forge/noarch/r-irkernel-1.1.1-r36h6115d3f_0.tar.bz2#8ea08366bbff0addcee6fb5ee199e464
https://conda.anaconda.org/conda-forge/noarch/r-lintr-2.0.1-r36h6115d3f_1.tar.bz2#1b51610cd9c437fa7ef061b4487bc73c
https://conda.anaconda.org/conda-forge/noarch/r-styler-1.3.2-r36h6115d3f_1.tar.bz2#591c42c9bbae05542fa18e86b6f722db
https://conda.anaconda.org/conda-forge/linux-64/r-languageserver-0.3.6-r36hcdcec82_0.tar.bz2#332ea7d2cc935ac67eeda87961b6baeb
