# platform: win-64
# env_hash: fda06f1498a577c7f35e8c3bda826204e35e985ab35b5016d7edf085e65911ff
@EXPLICIT
https://conda.anaconda.org/conda-forge/win-64/texlab-2.2.0-hf301747_0.tar.bz2#d920a1c5e86b4eb96653df2de4980711
https://conda.anaconda.org/conda-forge/noarch/_r-mutex-1.0.1-anacondar_1.tar.bz2#19f9db5f4f1b7f5ef5f6d67207f25f38
https://conda.anaconda.org/conda-forge/win-64/ca-certificates-2020.6.20-hecda079_0.tar.bz2#942ac2555f1e5d2c43391234a745449e
https://conda.anaconda.org/conda-forge/noarch/llvm-meta-5.0.0-0.tar.bz2#213b5b5ad34008147a824460e50a691c
https://conda.anaconda.org/msys2/win-64/msys2-conda-epoch-20160418-1.tar.bz2#6eaef3074f65f715ed1ca6b8a08be3aa
https://conda.anaconda.org/conda-forge/win-64/pandoc-2.10.1-he774522_0.tar.bz2#e8573e5a44209ff83fff5cdf04a793ad
https://conda.anaconda.org/conda-forge/win-64/vs2015_runtime-14.16.27012-h30e32a0_2.tar.bz2#37a0bcc72c5e97f5602dca37eb3f8314
https://conda.anaconda.org/conda-forge/win-64/winpty-0.4.3-4.tar.bz2#1cee351bf20b830d991dbe0bc8cd7dfe
https://conda.anaconda.org/msys2/win-64/m2-msys2-runtime-2.5.0.17080.65c939c-3.tar.bz2#9544a3c0bbd8e0038bc67522e71f1489
https://conda.anaconda.org/msys2/win-64/m2w64-expat-2.1.1-2.tar.bz2#a7fa1fcf5bafebd49b6997fd792969ed
https://conda.anaconda.org/msys2/win-64/m2w64-gmp-6.1.0-2.tar.bz2#fec04371463ec68eb8f5752a22c5b030
https://conda.anaconda.org/msys2/win-64/m2w64-gsl-2.1-2.tar.bz2#130bb2da5e06fa996bdca30689f4eca1
https://conda.anaconda.org/msys2/win-64/m2w64-libiconv-1.14-6.tar.bz2#2f98e65f0804a54bf8666fb6354769f0
https://conda.anaconda.org/msys2/win-64/m2w64-libogg-1.3.2-3.tar.bz2#1ee2fa142adba8203c7f20e411ca629f
https://conda.anaconda.org/msys2/win-64/m2w64-libwinpthread-git-5.0.0.4634.697f757-2.tar.bz2#67e61e700eb27424979778fae9293f13
https://conda.anaconda.org/msys2/win-64/m2w64-wineditline-2.101-5.tar.bz2#e998ddf70fd878bc0f81fbd173070ac7
https://conda.anaconda.org/conda-forge/win-64/nodejs-10.22.0-0.tar.bz2#f453f0c8177d8eb1011af20c9d161475
https://conda.anaconda.org/conda-forge/win-64/vc-14.1-h869be7e_1.tar.bz2#4fae57303daa91367eca263374e4a638
https://conda.anaconda.org/conda-forge/win-64/firefox-80.0-ha925a31_0.tar.bz2#c69d05b0797d1b8ce24c254c3d589023
https://conda.anaconda.org/conda-forge/win-64/geckodriver-0.27.0-h33f27b4_0.tar.bz2#e795207bad71f429dd10dce3d205503e
https://conda.anaconda.org/conda-forge/win-64/graphite2-1.3.13-1000.tar.bz2#8fc0e04e5c852cadf2cad68b86a906ab
https://conda.anaconda.org/conda-forge/win-64/icu-67.1-h33f27b4_0.tar.bz2#5d62a30cbc94d056111061cef174c491
https://conda.anaconda.org/conda-forge/win-64/libiconv-1.16-he774522_0.tar.bz2#bdfeadc9348e4d9fbe4821e81bf8f221
https://conda.anaconda.org/conda-forge/win-64/libsodium-1.0.17-h2fa13f4_0.tar.bz2#c28ec9df95aa8f80fe77141c7d8ac633
https://conda.anaconda.org/msys2/win-64/m2-gcc-libs-5.3.0-4.tar.bz2#64c8fd506661e3f3b63f710b9ed2baf0
https://conda.anaconda.org/msys2/win-64/m2w64-gcc-libs-core-5.3.0-7.tar.bz2#276d396bfe8d958f71173b7134f739fa
https://conda.anaconda.org/msys2/win-64/m2w64-mpfr-3.1.4-4.tar.bz2#9052e2617adf389f715deed87d1beedb
https://conda.anaconda.org/conda-forge/win-64/openmp-5.0.0-vc14_1.tar.bz2#8284c925330fa53668ade00db3c9e787
https://conda.anaconda.org/conda-forge/win-64/openssl-1.1.1g-he774522_1.tar.bz2#68c579bdc9f74f5b41b3155ea0b9bc8a
https://conda.anaconda.org/conda-forge/win-64/pcre-8.44-h6538335_0.tar.bz2#50f36723e438a17dfe98f7d6aa6aaea2
https://conda.anaconda.org/conda-forge/win-64/pixman-0.38.0-hfa6e2cd_1003.tar.bz2#700c9ceeea2b24d08fe654de4e977bb4
https://conda.anaconda.org/conda-forge/win-64/python-3.6.11-h9303ea8_2_cpython.tar.bz2#42a6e8c961a5a6a7698001001552721e
https://conda.anaconda.org/conda-forge/win-64/yaml-0.2.5-he774522_0.tar.bz2#d41c34441d8bbb6d141e691ae7bccf35
https://conda.anaconda.org/conda-forge/win-64/zlib-1.2.11-h62dcd97_1009.tar.bz2#60df404ef18f148b39353459a4125fdb
https://conda.anaconda.org/conda-forge/noarch/atomicwrites-1.4.0-pyh9f0ad1d_0.tar.bz2#5e36230ffaf3b7bb599424592684ae53
https://conda.anaconda.org/conda-forge/noarch/attrs-20.2.0-pyh9f0ad1d_0.tar.bz2#72fe75fed07fe89d6ef02034bf1e94a5
https://conda.anaconda.org/conda-forge/noarch/backcall-0.2.0-pyh9f0ad1d_0.tar.bz2#6006a6d08a3fa99268a2681c7fb55213
https://conda.anaconda.org/conda-forge/win-64/backports-1.0-py36_1.tar.bz2#9e2edf61601c41f64367c8a384c4cfda
https://conda.anaconda.org/conda-forge/noarch/colorama-0.4.3-py_0.tar.bz2#9cf68a6826504feedbfd646bc4d1ca14
https://conda.anaconda.org/conda-forge/noarch/decorator-4.4.2-py_0.tar.bz2#d2eabb9cabd212e1ec6a9463bd846243
https://conda.anaconda.org/conda-forge/noarch/defusedxml-0.6.0-py_0.tar.bz2#37e1033daee0e2edaa5ff42584c52b21
https://conda.anaconda.org/conda-forge/noarch/idna-2.10-pyh9f0ad1d_0.tar.bz2#f95a12b4f435aae6680fe55ae2eb1b06
https://conda.anaconda.org/conda-forge/noarch/iniconfig-1.0.1-pyh9f0ad1d_0.tar.bz2#b24cafcf37a962a001a237a6299f580d
https://conda.anaconda.org/conda-forge/win-64/ipython_genutils-0.2.0-py36_0.tar.bz2#7c0917d47b84d70c1da17ed71747c590
https://conda.anaconda.org/conda-forge/noarch/json5-0.9.4-pyh9f0ad1d_0.tar.bz2#075494d3f4e4466f8dba14d68e100bef
https://conda.anaconda.org/conda-forge/win-64/libflang-5.0.0-h6538335_20180525.tar.bz2#9f473a344e18668e99a93f7e21a54b69
https://conda.anaconda.org/conda-forge/win-64/libpng-1.6.37-ha81a0f5_2.tar.bz2#cc8f11542031225ef813cbc7b60713fc
https://conda.anaconda.org/conda-forge/win-64/libxml2-2.9.10-h1006b36_2.tar.bz2#9392b3214cbdde0d9e64f83915f91d45
https://conda.anaconda.org/msys2/win-64/m2-ncurses-6.0.20160220-2.tar.bz2#1d6597965894ac313ee91998cbdb9871
https://conda.anaconda.org/msys2/win-64/m2w64-gcc-libgfortran-5.3.0-6.tar.bz2#de1b7f7c8221028f6bbe103df4c53bed
https://conda.anaconda.org/conda-forge/win-64/mccabe-0.6.1-py36_0.tar.bz2#6c9ea458996326cd778e7ffeb6454c0a
https://conda.anaconda.org/conda-forge/noarch/more-itertools-8.5.0-py_0.tar.bz2#3a2fa1ebe4306ae3190b1ed69a55b3fd
https://conda.anaconda.org/conda-forge/win-64/pandocfilters-1.4.2-py36_0.tar.bz2#e6942f055a10c5ee4255836876f0dead
https://conda.anaconda.org/conda-forge/noarch/parso-0.7.1-pyh9f0ad1d_0.tar.bz2#f66647d1ec805566d72ac26f62b19c01
https://conda.anaconda.org/conda-forge/noarch/prometheus_client-0.8.0-pyh9f0ad1d_0.tar.bz2#0409863e03d2abb75d9b91b903697ed0
https://conda.anaconda.org/conda-forge/noarch/py-1.9.0-pyh9f0ad1d_0.tar.bz2#82beb69c4e05d65702bbde3c63d6ef58
https://conda.anaconda.org/conda-forge/noarch/pycodestyle-2.6.0-pyh9f0ad1d_0.tar.bz2#a08d6f5a610c7194da158add79f2b018
https://conda.anaconda.org/conda-forge/noarch/pycparser-2.20-pyh9f0ad1d_2.tar.bz2#aa798d50ffd182a0f6f31478c7f434f6
https://conda.anaconda.org/conda-forge/noarch/pyflakes-2.2.0-pyh9f0ad1d_0.tar.bz2#b13f3395d2eb4a2705629127a8a8cfaa
https://conda.anaconda.org/conda-forge/noarch/pyparsing-2.4.7-pyh9f0ad1d_0.tar.bz2#626c4f20d5bf06dcec9cf2eaa31725c7
https://conda.anaconda.org/conda-forge/win-64/python_abi-3.6-1_cp36m.tar.bz2#ab04861320c595149064323a65c03098
https://conda.anaconda.org/conda-forge/noarch/pytz-2020.1-pyh9f0ad1d_0.tar.bz2#e52abc1f0fd70e05001c1ceb2696f625
https://conda.anaconda.org/conda-forge/win-64/pywin32-227-py36hfa6e2cd_0.tar.bz2#9291abe56eb63e111f3d8c2c836c42e8
https://conda.anaconda.org/conda-forge/noarch/robotframework-3.2.2-pyh9f0ad1d_0.tar.bz2#1faf44d9a76019b0a3da4d02dead93ec
https://conda.anaconda.org/conda-forge/noarch/rope-0.17.0-pyh9f0ad1d_0.tar.bz2#96eb29cd34fa9ade5d4b2610e46c6f0e
https://conda.anaconda.org/conda-forge/noarch/send2trash-1.5.0-py_0.tar.bz2#c3779037a635e1150f1c53c28b875949
https://conda.anaconda.org/conda-forge/win-64/simplegeneric-0.8.1-py36_0.tar.bz2#c69b3ac75ffdd4b04ee31201fa601bcb
https://conda.anaconda.org/conda-forge/noarch/six-1.15.0-pyh9f0ad1d_0.tar.bz2#1eec421f0f1f39e579e44e4a5ce646a2
https://conda.anaconda.org/conda-forge/noarch/snowballstemmer-2.0.0-py_0.tar.bz2#fa34c3e7fb741022eb79169c354ca1ae
https://conda.anaconda.org/conda-forge/noarch/testpath-0.4.4-py_0.tar.bz2#3b98fff4d5342bebde2ecaa314f796f9
https://conda.anaconda.org/conda-forge/noarch/toml-0.10.1-pyh9f0ad1d_0.tar.bz2#ca47d0ef822fd23b7ec9771a36645e5e
https://conda.anaconda.org/conda-forge/win-64/tornado-6.0.4-py36hfa6e2cd_0.tar.bz2#9180750abf2edf8fc251254e4aee4292
https://conda.anaconda.org/conda-forge/win-64/typed-ast-1.4.1-py36hfa6e2cd_0.tar.bz2#d184fa80a9fea2b81f1c6763be708248
https://conda.anaconda.org/conda-forge/win-64/webencodings-0.5.1-py36_0.tar.bz2#101c444711dff0ea867743b52d2393db
https://conda.anaconda.org/conda-forge/noarch/wheel-0.35.1-pyh9f0ad1d_0.tar.bz2#126827869be32f21872a2b30ebe2b038
https://conda.anaconda.org/conda-forge/win-64/win_inet_pton-1.1.0-py36_0.tar.bz2#c338988594da74f906117479d0dc4ba9
https://conda.anaconda.org/conda-forge/win-64/wincertstore-0.2-py36_1003.tar.bz2#ac45a1216c3355ef171b1cda8daea6b9
https://conda.anaconda.org/conda-forge/win-64/wrapt-1.11.2-py36hfa6e2cd_0.tar.bz2#84ab25736526e18e03d8db9b7dd4ff03
https://conda.anaconda.org/conda-forge/noarch/yapf-0.30.0-pyh9f0ad1d_0.tar.bz2#175a8ce5a94eaa57cb5a6560cac21713
https://conda.anaconda.org/conda-forge/win-64/zeromq-4.3.2-ha925a31_3.tar.bz2#a8e877ff5c7df5a2f140c80161cb41b1
https://conda.anaconda.org/conda-forge/noarch/zipp-3.1.0-py_0.tar.bz2#61948e426a3a3ec1fa7c90a44c2585d1
https://conda.anaconda.org/conda-forge/noarch/autopep8-1.5.4-pyh9f0ad1d_0.tar.bz2#e5a007c7520d70e6d65840b563cee8df
https://conda.anaconda.org/conda-forge/win-64/certifi-2020.6.20-py36h9f0ad1d_0.tar.bz2#16165361e61fa38f35eccc4082aecf52
https://conda.anaconda.org/conda-forge/win-64/cffi-1.14.1-py36hef61171_0.tar.bz2#8fbba0ea6ecf80afd58912a6e8856a6c
https://conda.anaconda.org/conda-forge/win-64/chardet-3.0.4-py36h9f0ad1d_1006.tar.bz2#5133a0fed9851d9fc4de77388bd8860a
https://conda.anaconda.org/conda-forge/win-64/coverage-5.2.1-py36h779f372_0.tar.bz2#c063b67f25e29da71c95464003ca9492
https://conda.anaconda.org/conda-forge/win-64/entrypoints-0.3-py36h9f0ad1d_1001.tar.bz2#7239ab16a2574828390619d1bbc03d46
https://conda.anaconda.org/conda-forge/win-64/freetype-2.10.2-hd328e21_0.tar.bz2#eed84d2b6fa30df3e788a7e86ff3ffd1
https://conda.anaconda.org/conda-forge/win-64/future-0.18.2-py36h9f0ad1d_1.tar.bz2#be6bdea64df35e325aa67a8e81c3eaa4
https://conda.anaconda.org/conda-forge/win-64/importlib-metadata-1.7.0-py36h9f0ad1d_0.tar.bz2#b12eb6f9df3b3bfe06e6c1dcae248b6c
https://conda.anaconda.org/conda-forge/win-64/jedi-0.17.2-py36h9f0ad1d_0.tar.bz2#c669bced12b43200eeb80742c3893f6e
https://conda.anaconda.org/conda-forge/win-64/lazy-object-proxy-1.4.3-py36h68a101e_2.tar.bz2#b8a33eee2fd2d66e2b106b67cf5b131b
https://conda.anaconda.org/conda-forge/win-64/libopenblas-0.3.10-hc8a65f3_0.tar.bz2#57d990381c050b5ca2327cbdc04ee628
https://conda.anaconda.org/msys2/win-64/m2w64-gcc-libs-5.3.0-7.tar.bz2#0b9caac6747002340b057a222af705b2
https://conda.anaconda.org/conda-forge/win-64/markupsafe-1.1.1-py36h68a101e_1.tar.bz2#620c7c8a1d9d794a1aa4fb0c78e583e2
https://conda.anaconda.org/conda-forge/win-64/mistune-0.8.4-py36h68a101e_1001.tar.bz2#46752da0394b1a12abd08e508ab02b6e
https://conda.anaconda.org/conda-forge/noarch/packaging-20.4-pyh9f0ad1d_0.tar.bz2#6d160f7346ac815500b5475d9a0f88a9
https://conda.anaconda.org/conda-forge/win-64/pickleshare-0.7.5-py36h9f0ad1d_1001.tar.bz2#5e2cb4f298d7301f5460b25506dec63b
https://conda.anaconda.org/conda-forge/noarch/pydocstyle-5.1.1-py_0.tar.bz2#b3e4ef3ad3544282d12cee708e956dcd
https://conda.anaconda.org/conda-forge/win-64/pyrsistent-0.17.2-py36h779f372_0.tar.bz2#7fd70ee8c9be20a37cdcea444262a667
https://conda.anaconda.org/conda-forge/win-64/pysocks-1.7.1-py36h9f0ad1d_1.tar.bz2#eea31910565b1c8bfad8c7b9d8fc1d4b
https://conda.anaconda.org/conda-forge/noarch/python-dateutil-2.8.1-py_0.tar.bz2#0d0150ed9c2d25817f5324108d3f7571
https://conda.anaconda.org/conda-forge/win-64/pyzmq-19.0.2-py36h274d426_0.tar.bz2#830c3bf61b4522003098b58ccd120244
https://conda.anaconda.org/conda-forge/noarch/robotframework-pythonlibcore-2.1.0-py_0.tar.bz2#de381ef42de5c25524f5c43cd487a999
https://conda.anaconda.org/conda-forge/win-64/ruamel_yaml-0.15.80-py36h779f372_1002.tar.bz2#bb98f4cb96e9382f6b41cc955afe749e
https://conda.anaconda.org/conda-forge/win-64/soupsieve-2.0.1-py36h9f0ad1d_0.tar.bz2#6afb1ab7c01edc85f3939f6d6c85a06c
https://conda.anaconda.org/conda-forge/win-64/traitlets-4.3.3-py36h9f0ad1d_1.tar.bz2#af03bfeb2e66a71f3830d68a56695bd6
https://conda.anaconda.org/conda-forge/noarch/tzlocal-2.1-pyh9f0ad1d_0.tar.bz2#9d16668487f3fd44290d9fdbbd25b283
https://conda.anaconda.org/conda-forge/win-64/ujson-1.35-py36hbd05846_1002.tar.bz2#64a8a4a1572f6e3197dbe763f3456ea4
https://conda.anaconda.org/conda-forge/win-64/argon2-cffi-20.1.0-py36h779f372_1.tar.bz2#14f8469b6ea78f1f013a9ceea2fd8e08
https://conda.anaconda.org/conda-forge/win-64/beautifulsoup4-4.9.1-py36h9f0ad1d_0.tar.bz2#1ad06e610b7da7d29c291c1c14e30ff1
https://conda.anaconda.org/conda-forge/win-64/brotlipy-0.7.0-py36hfa6e2cd_1000.tar.bz2#ef1e9bcb17b2d2c7c848f7626c706e02
https://conda.anaconda.org/conda-forge/win-64/chktex-1.7.6-h301d43c_0.tar.bz2#2524622d2aba34490f2e47f63413226a
https://conda.anaconda.org/conda-forge/win-64/cryptography-3.1-py36hef61171_0.tar.bz2#e71b6a76eefdffa6437bbe7e47b4cc32
https://conda.anaconda.org/conda-forge/win-64/fontconfig-2.13.1-hdcb13c4_1002.tar.bz2#14463877c4f1d2038ab294662a48dd29
https://conda.anaconda.org/conda-forge/noarch/importlib_metadata-1.7.0-0.tar.bz2#3e6503b25200f60149cce699a47cf09e
https://conda.anaconda.org/conda-forge/win-64/jupyter_core-4.6.3-py36h9f0ad1d_1.tar.bz2#e1e9f170c4ff79ed126ed1c938ce3554
https://conda.anaconda.org/conda-forge/win-64/libblas-3.8.0-17_openblas.tar.bz2#dcd3b40f1aaaa311e8cd173d878a8385
https://conda.anaconda.org/conda-forge/win-64/libffi-3.2.1-ha925a31_1007.tar.bz2#cd0e7032f907e8ee65d9466bfc6e441b
https://conda.anaconda.org/msys2/win-64/m2w64-bzip2-1.0.6-6.tar.bz2#60afaba2eb6b9bdafd93185593726539
https://conda.anaconda.org/msys2/win-64/m2w64-fftw-3.3.4-6.tar.bz2#eb6f89f924889b30c03790f854c4a81d
https://conda.anaconda.org/msys2/win-64/m2w64-flac-1.3.1-3.tar.bz2#8518616ac231bdb940a35d04f49f4b26
https://conda.anaconda.org/msys2/win-64/m2w64-gettext-0.19.7-2.tar.bz2#b95ab13c643fddcebfef39d8363f3e95
https://conda.anaconda.org/msys2/win-64/m2w64-icu-58.2-heb44b8b_2.tar.bz2#af3ec182338973fc4d916c1a4d4c69ac
https://conda.anaconda.org/msys2/win-64/m2w64-libjpeg-turbo-1.4.2-3.tar.bz2#5d393a3e604f504b597006f4020719dc
https://conda.anaconda.org/msys2/win-64/m2w64-libvorbis-1.3.5-2.tar.bz2#a7ae5a7ca8a0e39abf22a259828b2c8b
https://conda.anaconda.org/msys2/win-64/m2w64-speexdsp-1.2rc3-3.tar.bz2#d0471e2a7293f06bd01f6fbc4b322da2
https://conda.anaconda.org/conda-forge/noarch/python-jsonrpc-server-0.3.4-pyh9f0ad1d_1.tar.bz2#6ec9333b96b7b3fb33385ed01b96d894
https://conda.anaconda.org/conda-forge/win-64/pywinpty-0.5.7-py36_0.tar.bz2#d2d64f396214a76d61345896a0101a19
https://conda.anaconda.org/conda-forge/win-64/setuptools-49.6.0-py36h9f0ad1d_0.tar.bz2#2e5f73f26a931bbdd28e5b674876ed22
https://conda.anaconda.org/conda-forge/win-64/astroid-2.4.2-py36h9f0ad1d_0.tar.bz2#601af3e55147c6444ac4f88b9e00d864
https://conda.anaconda.org/conda-forge/noarch/backports.functools_lru_cache-1.6.1-py_0.tar.bz2#d36df15eaef96549ce6231e3088fba54
https://conda.anaconda.org/conda-forge/noarch/bleach-3.1.5-pyh9f0ad1d_0.tar.bz2#fdd3428764b35bd251798db254a9bdea
https://conda.anaconda.org/conda-forge/noarch/bs4-4.9.1-1.tar.bz2#137a388089701ca041c9cbef0311373b
https://conda.anaconda.org/conda-forge/noarch/flake8-3.8.3-py_1.tar.bz2#aa903667fece7fa824b0647b2db6929e
https://conda.anaconda.org/conda-forge/win-64/gettext-0.19.8.1-hb01d8f6_1002.tar.bz2#a9bb3953dc774b0fd2a8a445711acaa3
https://conda.anaconda.org/conda-forge/win-64/isort-5.5.1-py36h9f0ad1d_0.tar.bz2#a9e65a86b4cd6b9cc886bd265040ee0d
https://conda.anaconda.org/conda-forge/noarch/jinja2-2.11.2-pyh9f0ad1d_0.tar.bz2#e8a5d614d1a27bdba00059ca062a0551
https://conda.anaconda.org/conda-forge/win-64/jsonschema-3.2.0-py36h9f0ad1d_1.tar.bz2#4dfe69fb8ad8543e4654ea881f19c8e8
https://conda.anaconda.org/conda-forge/noarch/jupyter_client-6.1.7-py_0.tar.bz2#bcaa486602c05413da0808b82898f60a
https://conda.anaconda.org/conda-forge/win-64/liblapack-3.8.0-17_openblas.tar.bz2#2498878f34944a2d48a4614eb5032997
https://conda.anaconda.org/msys2/win-64/m2w64-speex-1.2rc2-3.tar.bz2#cfb2035f4b816d954fb037d9948b4112
https://conda.anaconda.org/msys2/win-64/m2w64-xz-5.2.2-2.tar.bz2#bc00ad049b9a76a11ba1dbed9b1e4989
https://conda.anaconda.org/msys2/win-64/m2w64-zlib-1.2.8-10.tar.bz2#0485dc8f4d06b8f59d1a280059b11cb9
https://conda.anaconda.org/conda-forge/noarch/pip-20.2.3-py_0.tar.bz2#2a473e697f17443a8647c3d7d22043d3
https://conda.anaconda.org/conda-forge/win-64/pluggy-0.13.1-py36h9f0ad1d_2.tar.bz2#d425f849ed071da2639af037954ffd7e
https://conda.anaconda.org/conda-forge/noarch/pygments-2.6.1-py_0.tar.bz2#37736a64e169c430eac98a46ddc1ac4a
https://conda.anaconda.org/conda-forge/win-64/pyopenssl-19.1.0-py36_0.tar.bz2#d1a2017da88d0fc01723f4af5d90d3d8
https://conda.anaconda.org/conda-forge/win-64/terminado-0.8.3-py36h9f0ad1d_1.tar.bz2#66e3ef329c0197db02dc51c5c10924aa
https://conda.anaconda.org/conda-forge/win-64/glib-2.65.0-he4de6d7_0.tar.bz2#1667dc188a9a2a5f6c326619a7f04a6c
https://conda.anaconda.org/msys2/win-64/m2w64-libpng-1.6.21-2.tar.bz2#1ba351551d947ba6adfd885c63ef2c8e
https://conda.anaconda.org/msys2/win-64/m2w64-libsndfile-1.0.26-2.tar.bz2#1db5c023cb3841a3db65f1a17af58123
https://conda.anaconda.org/msys2/win-64/m2w64-libtiff-4.0.6-2.tar.bz2#28c4a6e924669cc487738cf86223ab63
https://conda.anaconda.org/msys2/win-64/m2w64-libxml2-2.9.10-3.tar.bz2#1d8ba23ab57bb7294066a9804a142be6
https://conda.anaconda.org/msys2/win-64/m2w64-pcre-8.38-2.tar.bz2#253fbfd117623a201492ede449ea10bd
https://conda.anaconda.org/msys2/win-64/m2w64-tcl-8.6.5-3.tar.bz2#f9e5043bfdd11946199b19d62118c129
https://conda.anaconda.org/conda-forge/noarch/nbformat-5.0.7-py_0.tar.bz2#7f9984ee165126ac09d9eb678052783d
https://conda.anaconda.org/conda-forge/win-64/pylint-2.6.0-py36h9f0ad1d_0.tar.bz2#d16d91a9cf17e9ef4ce3b6143d7404dd
https://conda.anaconda.org/conda-forge/win-64/pytest-6.0.1-py36h9f0ad1d_0.tar.bz2#4d69d192e3f503f4c809b880941fa4a5
https://conda.anaconda.org/conda-forge/noarch/urllib3-1.25.10-py_0.tar.bz2#82cde2a532177697e42a090add881db8
https://conda.anaconda.org/conda-forge/noarch/wcwidth-0.2.5-pyh9f0ad1d_1.tar.bz2#ac581f74f00d4d9f5acec2449f310e70
https://conda.anaconda.org/conda-forge/win-64/cairo-1.16.0-hc79e3cf_1005.tar.bz2#094d1b2784935282e1fd3765503316c7
https://conda.anaconda.org/msys2/win-64/m2w64-tk-8.6.5-3.tar.bz2#07f7a1807153217c0e302101b6727c8a
https://conda.anaconda.org/conda-forge/win-64/nbconvert-5.6.1-py36h9f0ad1d_1.tar.bz2#f66e52079ac736bc549bb691607502f7
https://conda.anaconda.org/conda-forge/noarch/prompt-toolkit-3.0.7-py_0.tar.bz2#32341741e1d778b2c54bb42191cf8571
https://conda.anaconda.org/conda-forge/win-64/pytest-asyncio-0.12.0-py36h9f0ad1d_1.tar.bz2#69fce4beba4c30bee7c80dd398681283
https://conda.anaconda.org/conda-forge/noarch/pytest-cov-2.10.1-pyh9f0ad1d_0.tar.bz2#0d83b4ea58595e9f685c51ba31f63116
https://conda.anaconda.org/conda-forge/noarch/pytest-flake8-1.0.6-pyh9f0ad1d_0.tar.bz2#da773d09f20668c9f335d6364b031b2e
https://conda.anaconda.org/conda-forge/noarch/pytest-runner-5.2-py_0.tar.bz2#6a51d7283dcc13101dbb060cddf54bfa
https://conda.anaconda.org/conda-forge/win-64/python-language-server-0.34.1-py36h9f0ad1d_0.tar.bz2#72f2c3839fd34dccec4d28e30743561f
https://conda.anaconda.org/conda-forge/noarch/requests-2.24.0-pyh9f0ad1d_0.tar.bz2#786ef230ca5cf2536e9dee910fdf4f9f
https://conda.anaconda.org/conda-forge/win-64/selenium-3.141.0-py36h68a101e_1001.tar.bz2#fd6cfac2952587674493aeea891717d5
https://conda.anaconda.org/conda-forge/win-64/harfbuzz-2.7.2-hab87c11_0.tar.bz2#141bc7c36dd6aff8a3a296bffc8dcd14
https://conda.anaconda.org/conda-forge/win-64/ipython-7.16.1-py36h95af2a2_0.tar.bz2#743e1217aa3f9fac323e18f1a55f934f
https://conda.anaconda.org/msys2/win-64/m2w64-bwidget-1.9.10-2.tar.bz2#1d740e75eb568089fdc73c0ca78958e2
https://conda.anaconda.org/msys2/win-64/m2w64-tktable-2.10-5.tar.bz2#618350fa853744a49100039df342597b
https://conda.anaconda.org/conda-forge/noarch/robotframework-seleniumlibrary-4.5.0-pyh9f0ad1d_0.tar.bz2#032239f822b29aef45cc4579ae86d031
https://conda.anaconda.org/conda-forge/win-64/ipykernel-5.3.4-py36h5ca1d4c_0.tar.bz2#283a8b05a52c10e8293c56b49722a656
https://conda.anaconda.org/conda-forge/win-64/r-base-3.6.3-h588f722_3.tar.bz2#90d26f8354f67069488dc0566615a1b4
https://conda.anaconda.org/conda-forge/win-64/tectonic-0.1.14-h4f32bc4_0.tar.bz2#81741b85a10d95f559635cfa09121e4f
https://conda.anaconda.org/conda-forge/win-64/notebook-6.1.3-py36h9f0ad1d_0.tar.bz2#76c0c992052b7933c2b64b05a4fa1730
https://conda.anaconda.org/conda-forge/noarch/r-assertthat-0.2.1-r36h6115d3f_2.tar.bz2#89894bf1427eea74d7adb24bf93858dc
https://conda.anaconda.org/conda-forge/win-64/r-backports-1.1.9-r36hda5aaf8_0.tar.bz2#ddddaca1aa945c2dece2d4a5d1f03db2
https://conda.anaconda.org/conda-forge/win-64/r-base64enc-0.1_3-r36hda5aaf8_1004.tar.bz2#d6a94c60d5ab280d2d2ed7174269d18a
https://conda.anaconda.org/conda-forge/noarch/r-boot-1.3_25-r36h6115d3f_1.tar.bz2#7f6a007e0f053e665f3320a506715325
https://conda.anaconda.org/conda-forge/noarch/r-clipr-0.7.0-r36h6115d3f_1.tar.bz2#ef77fbbae1e4dfc59a7afe85937edea3
https://conda.anaconda.org/conda-forge/win-64/r-cluster-2.1.0-r36h17ddedb_3.tar.bz2#2fed5d06a0c47268455808e857db22b4
https://conda.anaconda.org/conda-forge/noarch/r-codetools-0.2_16-r36h6115d3f_1002.tar.bz2#7d1b897afcfddc122b214c425d394ddd
https://conda.anaconda.org/conda-forge/noarch/r-crayon-1.3.4-r36h6115d3f_1003.tar.bz2#f744faf7c73cc8abbe1b87a25a24878e
https://conda.anaconda.org/conda-forge/win-64/r-curl-4.3-r36hda5aaf8_1.tar.bz2#f6272734555050e25b45ab17bde28334
https://conda.anaconda.org/conda-forge/win-64/r-digest-0.6.25-r36h796a38f_2.tar.bz2#442d41682c26e7dc236b5ab341111b88
https://conda.anaconda.org/conda-forge/noarch/r-evaluate-0.14-r36h6115d3f_2.tar.bz2#de3bec436333836c3729452b91161d2b
https://conda.anaconda.org/conda-forge/win-64/r-fansi-0.4.1-r36hda5aaf8_1.tar.bz2#3e5388fbecdf878b2e77087727d29cb1
https://conda.anaconda.org/conda-forge/win-64/r-foreign-0.8_76-r36hda5aaf8_1.tar.bz2#225d4411995feee140ae1d743e1c462a
https://conda.anaconda.org/conda-forge/win-64/r-fs-1.5.0-r36h796a38f_0.tar.bz2#33e01e26e7e01357f18b2f0e36937484
https://conda.anaconda.org/conda-forge/win-64/r-glue-1.4.2-r36hda5aaf8_0.tar.bz2#c915d9d893c2021bab90562cac32f487
https://conda.anaconda.org/conda-forge/noarch/r-highr-0.8-r36h6115d3f_2.tar.bz2#63ab42c27617b72b4fe2acaff568818d
https://conda.anaconda.org/conda-forge/win-64/r-jsonlite-1.7.1-r36hda5aaf8_0.tar.bz2#a63d88f3f1217329b4e09cc103a390db
https://conda.anaconda.org/conda-forge/win-64/r-kernsmooth-2.23_17-r36h2d65612_1.tar.bz2#53f46c1667af8269f372e7e983d6d6f4
https://conda.anaconda.org/conda-forge/win-64/r-lattice-0.20_41-r36hda5aaf8_2.tar.bz2#dab4d644148e89e596d9d55bc47a303d
https://conda.anaconda.org/conda-forge/win-64/r-lazyeval-0.2.2-r36hda5aaf8_2.tar.bz2#ca82be03676c343aa3fa02b6149c6a0c
https://conda.anaconda.org/conda-forge/noarch/r-magrittr-1.5-r36h6115d3f_1003.tar.bz2#89a866d76b41e98cd5bfe458007877e8
https://conda.anaconda.org/conda-forge/win-64/r-mass-7.3_53-r36hda5aaf8_0.tar.bz2#64b89307c3e097bb7c91455ff334ccb0
https://conda.anaconda.org/conda-forge/win-64/r-mime-0.9-r36hda5aaf8_1.tar.bz2#82cd34f5d21175840599d9955520a5ab
https://conda.anaconda.org/conda-forge/win-64/r-pbdzmq-0.3_3-r36h8216dcb_1003.tar.bz2#036bb277a9a9a8d62f7049778b27339e
https://conda.anaconda.org/conda-forge/noarch/r-pkgconfig-2.0.3-r36h6115d3f_1.tar.bz2#d8c0bd8e2b4de78157be2866e6cc320b
https://conda.anaconda.org/conda-forge/noarch/r-praise-1.0.0-r36h6115d3f_1004.tar.bz2#c1c81352a7102756ef1fa1838d25ad95
https://conda.anaconda.org/conda-forge/win-64/r-ps-1.3.4-r36hda5aaf8_0.tar.bz2#d3aaf6016909ed2255d20908d9465138
https://conda.anaconda.org/conda-forge/noarch/r-r.methodss3-1.8.1-r36h6115d3f_0.tar.bz2#b237f478760ee81160e29b6b8f36f738
https://conda.anaconda.org/conda-forge/noarch/r-r6-2.4.1-r36h6115d3f_1.tar.bz2#ac6356d09a1861a52aea8c93eb513e9d
https://conda.anaconda.org/conda-forge/win-64/r-rcpp-1.0.5-r36h796a38f_0.tar.bz2#ffd4a638386f1805ed11a7993dd611af
https://conda.anaconda.org/conda-forge/noarch/r-remotes-2.2.0-r36h6115d3f_0.tar.bz2#70184934d0320afe26d579d7a8ccb700
https://conda.anaconda.org/conda-forge/win-64/r-rlang-0.4.7-r36hda5aaf8_0.tar.bz2#68975fd5ccf06b7ddbaf306337945831
https://conda.anaconda.org/conda-forge/win-64/r-rpart-4.1_15-r36hda5aaf8_2.tar.bz2#7cf96d320b334f7c28f7ad1a9d3e9aac
https://conda.anaconda.org/conda-forge/noarch/r-rstudioapi-0.11-r36h6115d3f_1.tar.bz2#8ed5ad583302bed8cf4b1cfe8858ef48
https://conda.anaconda.org/conda-forge/win-64/r-spatial-7.3_12-r36hda5aaf8_1.tar.bz2#c5dba82f0e5e2af432ada159c26a8969
https://conda.anaconda.org/conda-forge/win-64/r-stringdist-0.9.6-r36hda5aaf8_0.tar.bz2#570e8660eb54c54f51c020c54f42b695
https://conda.anaconda.org/conda-forge/win-64/r-stringi-1.5.3-r36h796a38f_0.tar.bz2#4505bc7553205e46f9f52a384eada471
https://conda.anaconda.org/conda-forge/win-64/r-sys-3.4-r36hda5aaf8_0.tar.bz2#91e91c332ffb8d542dfb5aaa54057657
https://conda.anaconda.org/conda-forge/win-64/r-utf8-1.1.4-r36hda5aaf8_1003.tar.bz2#8ab3c84d8cd8ffe7d592e9ea862a4629
https://conda.anaconda.org/conda-forge/win-64/r-uuid-0.1_4-r36hda5aaf8_1.tar.bz2#d391c1b4ebb8870489eedbe4291f7499
https://conda.anaconda.org/conda-forge/noarch/r-withr-2.2.0-r36h6115d3f_1.tar.bz2#686395604b25ffc6c8807f0b99322db1
https://conda.anaconda.org/conda-forge/win-64/r-xfun-0.17-r36hda5aaf8_0.tar.bz2#e2b738403653fce2ce7d84a4ad2e772f
https://conda.anaconda.org/conda-forge/noarch/r-xmlparsedata-1.0.4-r36h6115d3f_0.tar.bz2#9d5da66185dc9eb362c4d07ef5a92a02
https://conda.anaconda.org/conda-forge/win-64/r-yaml-2.2.1-r36hda5aaf8_1.tar.bz2#8002c5db049deb56416b48d53c94f430
https://conda.anaconda.org/conda-forge/noarch/r-zeallot-0.1.0-r36h6115d3f_1002.tar.bz2#12fd0aa909c5641bf8ae36ab462a8ccc
https://conda.anaconda.org/conda-forge/win-64/rpy2-3.3.2-py36r36h9902d54_0.tar.bz2#69872b1737e298db1b90a6550313253e
https://conda.anaconda.org/conda-forge/noarch/jupyterlab_server-1.2.0-py_0.tar.bz2#77d654573f19a836b326fb77ffd86860
https://conda.anaconda.org/conda-forge/win-64/r-askpass-1.1-r36hda5aaf8_2.tar.bz2#614bb465c905ba679c86e7af1fc87b54
https://conda.anaconda.org/conda-forge/win-64/r-class-7.3_17-r36hda5aaf8_1.tar.bz2#28fac041ce03351a92f93d76331118a0
https://conda.anaconda.org/conda-forge/noarch/r-cli-2.0.2-r36h6115d3f_1.tar.bz2#63826798f99705dfdddf7cb21ad443b4
https://conda.anaconda.org/conda-forge/win-64/r-collections-0.3.5-r36hda5aaf8_0.tar.bz2#2841c05d9e675e4b99331ca3448625db
https://conda.anaconda.org/conda-forge/win-64/r-ellipsis-0.3.1-r36hda5aaf8_0.tar.bz2#71973513184c9c3f1cc5105e5bfb8faa
https://conda.anaconda.org/conda-forge/win-64/r-htmltools-0.5.0-r36h796a38f_0.tar.bz2#fdc6c6c5f845d67b014d2c337783ccf5
https://conda.anaconda.org/conda-forge/noarch/r-lifecycle-0.2.0-r36h6115d3f_1.tar.bz2#ff33d80f55b80fda34f0f8980af58b7b
https://conda.anaconda.org/conda-forge/win-64/r-markdown-1.1-r36hda5aaf8_1.tar.bz2#528e265d1394f8b51545d606c36fa75e
https://conda.anaconda.org/conda-forge/win-64/r-matrix-1.2_18-r36h0adb578_3.tar.bz2#2a55bf33fca9ded6b50acdd6320081ea
https://conda.anaconda.org/conda-forge/win-64/r-nlme-3.1_149-r36h17ddedb_0.tar.bz2#f1e5b356bb18b2883d5b7d51edcf0e17
https://conda.anaconda.org/conda-forge/win-64/r-nnet-7.3_14-r36hda5aaf8_1.tar.bz2#c3add28ddda475926f8f1570a6309fdd
https://conda.anaconda.org/conda-forge/noarch/r-prettyunits-1.1.1-r36h6115d3f_1.tar.bz2#c6ff88b560efa942ba8d0ae60b2727af
https://conda.anaconda.org/conda-forge/win-64/r-processx-3.4.4-r36hda5aaf8_0.tar.bz2#c79614f6278bcd68004d50f4b52f27b8
https://conda.anaconda.org/conda-forge/win-64/r-purrr-0.3.4-r36hda5aaf8_1.tar.bz2#0e32e15ace80b0f892288194afe468cd
https://conda.anaconda.org/conda-forge/noarch/r-r.oo-1.24.0-r36h6115d3f_0.tar.bz2#2fd05ee63f568c1f60da961363a3417f
https://conda.anaconda.org/conda-forge/noarch/r-rex-1.2.0-r36h6115d3f_1.tar.bz2#99c7273f75cf1f0a01a72c602c283b36
https://conda.anaconda.org/conda-forge/noarch/r-rprojroot-1.3_2-r36h6115d3f_1003.tar.bz2#20938c6c697d99831822775109a94306
https://conda.anaconda.org/conda-forge/noarch/r-stringr-1.4.0-r36h6115d3f_2.tar.bz2#2e6d27855dd00e5478bc774f1c45078c
https://conda.anaconda.org/conda-forge/win-64/r-xml2-1.3.2-r36h796a38f_1.tar.bz2#2c8dc11a76e2ca495fab45f6079bf4a8
https://conda.anaconda.org/conda-forge/noarch/jupyterlab-2.2.7-py_0.tar.bz2#5b91f512df1c1bc191c540df8a274c82
https://conda.anaconda.org/conda-forge/noarch/r-callr-3.4.4-r36h6115d3f_0.tar.bz2#4bf2918fcea01ee30c14b033931f8c87
https://conda.anaconda.org/conda-forge/noarch/r-desc-1.2.0-r36h6115d3f_1003.tar.bz2#ad3140f8a680f33dfe59fd4fec7201b2
https://conda.anaconda.org/conda-forge/noarch/r-knitr-1.29-r36h6115d3f_0.tar.bz2#e9d5919935333cceeb60e4ab2b7a5129
https://conda.anaconda.org/conda-forge/win-64/r-mgcv-1.8_33-r36h0adb578_0.tar.bz2#ed15595f562c6d8c045eb5296058d62d
https://conda.anaconda.org/conda-forge/win-64/r-openssl-1.4.2-r36h601d743_0.tar.bz2#ec9d7313275e8a02c28f0925b384b1db
https://conda.anaconda.org/conda-forge/noarch/r-r.utils-2.10.1-r36h6115d3f_0.tar.bz2#27b6f03a842517fff288304ee83a032c
https://conda.anaconda.org/conda-forge/win-64/r-survival-3.2_3-r36hda5aaf8_0.tar.bz2#aac38a033b32875600db9a8ce8d1ee99
https://conda.anaconda.org/conda-forge/win-64/r-vctrs-0.3.4-r36hda5aaf8_0.tar.bz2#fe0d98c5c4eaa2d9b45b2765e200909c
https://conda.anaconda.org/conda-forge/noarch/r-cyclocomp-1.1.0-r36h6115d3f_1004.tar.bz2#727da14ef9455d3e228b131a06800055
https://conda.anaconda.org/conda-forge/noarch/r-hms-0.5.3-r36h6115d3f_1.tar.bz2#b8e3f83c6f3891200e6adab52900963c
https://conda.anaconda.org/conda-forge/noarch/r-httr-1.4.2-r36h6115d3f_0.tar.bz2#b99f0021f886a4f208e8492ba1f8ec1f
https://conda.anaconda.org/conda-forge/noarch/r-pillar-1.4.6-r36h6115d3f_0.tar.bz2#0562c96c3feab8bc4212374cdad86071
https://conda.anaconda.org/conda-forge/noarch/r-pkgbuild-1.1.0-r36h6115d3f_0.tar.bz2#bbc33a8ed43a342d24bc2346d2b25b31
https://conda.anaconda.org/conda-forge/noarch/r-r.cache-0.14.0-r36h6115d3f_1.tar.bz2#f95cba24b30035fffa3edb26a0d2b49a
https://conda.anaconda.org/conda-forge/noarch/r-recommended-3.6-r36_1004.tar.bz2#dc27f20b157cd03ccb32e98c451b9cf8
https://conda.anaconda.org/conda-forge/noarch/r-3.6-r36_1004.tar.bz2#2fbd4141ccbc21e8e79cd20051b0a9d1
https://conda.anaconda.org/conda-forge/win-64/r-pkgload-1.1.0-r36h796a38f_0.tar.bz2#99222b59b3b88d6f5c63ecfc8e182175
https://conda.anaconda.org/conda-forge/noarch/r-repr-1.1.0-r36h6115d3f_1.tar.bz2#79528754edef88a8276f8325884e70bf
https://conda.anaconda.org/conda-forge/win-64/r-tibble-3.0.3-r36hda5aaf8_0.tar.bz2#fecc1cd8e735de36e8412a1fd989fbc8
https://conda.anaconda.org/conda-forge/noarch/r-irdisplay-0.7-r36_1002.tar.bz2#be7c34b93a8b03e3dce5344ac9a94c6a
https://conda.anaconda.org/conda-forge/win-64/r-readr-1.3.1-r36h796a38f_1004.tar.bz2#102329013f7a23463ca26684c0e21261
https://conda.anaconda.org/conda-forge/noarch/r-rematch2-2.1.2-r36h6115d3f_1.tar.bz2#ce9c3aa34838ec179fd0703123b02392
https://conda.anaconda.org/conda-forge/win-64/r-testthat-2.3.2-r36h796a38f_1.tar.bz2#188009fe45f73d91da04a1db687e3d38
https://conda.anaconda.org/conda-forge/noarch/r-irkernel-1.1.1-r36h6115d3f_0.tar.bz2#8ea08366bbff0addcee6fb5ee199e464
https://conda.anaconda.org/conda-forge/noarch/r-lintr-2.0.1-r36h6115d3f_1.tar.bz2#1b51610cd9c437fa7ef061b4487bc73c
https://conda.anaconda.org/conda-forge/noarch/r-styler-1.3.2-r36h6115d3f_1.tar.bz2#591c42c9bbae05542fa18e86b6f722db
https://conda.anaconda.org/conda-forge/win-64/r-languageserver-0.3.6-r36hda5aaf8_0.tar.bz2#a847fc2af7b27c02cfb7190785cbd3eb
